
Microsoft Visual Studio Solution File, Format Version 12.00
# Visual Studio 15
Project("{FAE04EC0-301F-11D3-BF4B-00C04F79EFBC}") = "UnityEngine.UI", "UnityEngine.UI.csproj", "{7790EF00-8DA9-983E-5A56-0D3AFBFC2F68}"
EndProject
Project("{FAE04EC0-301F-11D3-BF4B-00C04F79EFBC}") = "Unity.RenderPipelines.Core.Runtime", "Unity.RenderPipelines.Core.Runtime.csproj", "{F8B656DF-5A32-BC63-7C0E-262B7402C58F}"
EndProject
Project("{FAE04EC0-301F-11D3-BF4B-00C04F79EFBC}") = "UnityEngine.TestRunner", "UnityEngine.TestRunner.csproj", "{21170CAF-CAC3-7F08-5B8F-2D656F36B4E9}"
EndProject
Project("{FAE04EC0-301F-11D3-BF4B-00C04F79EFBC}") = "Unity.Services.Core.Telemetry", "Unity.Services.Core.Telemetry.csproj", "{BD1D080C-C14E-32DE-3A57-A6C2028111A8}"
EndProject
Project("{FAE04EC0-301F-11D3-BF4B-00C04F79EFBC}") = "Unity.VisualScripting.State", "Unity.VisualScripting.State.csproj", "{561A6690-F2A5-6476-AEB4-A52EC4DC8282}"
EndProject
Project("{FAE04EC0-301F-11D3-BF4B-00C04F79EFBC}") = "Unity.RenderPipelines.Universal.Runtime", "Unity.RenderPipelines.Universal.Runtime.csproj", "{74217C36-9F76-D4B7-D7C2-107977CAB45C}"
EndProject
Project("{FAE04EC0-301F-11D3-BF4B-00C04F79EFBC}") = "Unity.VisualScripting.Flow", "Unity.VisualScripting.Flow.csproj", "{7637540F-7228-77B8-73E4-9EC338815910}"
EndProject
Project("{FAE04EC0-301F-11D3-BF4B-00C04F79EFBC}") = "Unity.VisualScripting.Core", "Unity.VisualScripting.Core.csproj", "{F22F56BD-38DD-304D-0DDA-681693683D20}"
EndProject
Project("{FAE04EC0-301F-11D3-BF4B-00C04F79EFBC}") = "Unity.Services.Core.Environments.Internal", "Unity.Services.Core.Environments.Internal.csproj", "{4D953971-2BFE-C0A7-3560-F24110CC11FE}"
EndProject
Project("{FAE04EC0-301F-11D3-BF4B-00C04F79EFBC}") = "Unity.TextMeshPro", "Unity.TextMeshPro.csproj", "{607D9724-AD39-B6DD-0557-12910409269C}"
EndProject
Project("{FAE04EC0-301F-11D3-BF4B-00C04F79EFBC}") = "Unity.Burst", "Unity.Burst.csproj", "{75BBAA9C-625E-F9A9-43E7-0CF9A9856598}"
EndProject
Project("{FAE04EC0-301F-11D3-BF4B-00C04F79EFBC}") = "Unity.RenderPipeline.Universal.ShaderLibrary", "Unity.RenderPipeline.Universal.ShaderLibrary.csproj", "{61D1D70E-4F2B-FD8D-F624-3EDA612714EE}"
EndProject
Project("{FAE04EC0-301F-11D3-BF4B-00C04F79EFBC}") = "Cinemachine", "Cinemachine.csproj", "{E4624AC3-6A43-5D77-4147-586EAD0E900E}"
EndProject
Project("{FAE04EC0-301F-11D3-BF4B-00C04F79EFBC}") = "Unity.Services.Core.Environments", "Unity.Services.Core.Environments.csproj", "{251021BF-547C-86FD-5DEA-E8A59385DF84}"
EndProject
Project("{FAE04EC0-301F-11D3-BF4B-00C04F79EFBC}") = "Unity.Services.Core.Internal", "Unity.Services.Core.Internal.csproj", "{B4A68C90-F9EF-1EB5-21E7-AB5F8D978620}"
EndProject
Project("{FAE04EC0-301F-11D3-BF4B-00C04F79EFBC}") = "Unity.Timeline", "Unity.Timeline.csproj", "{CE77FB0E-E7CE-D0D4-219D-EFA2EEA5CD5C}"
EndProject
Project("{FAE04EC0-301F-11D3-BF4B-00C04F79EFBC}") = "Unity.Mathematics", "Unity.Mathematics.csproj", "{73F7BD8E-B83B-18B8-933B-4FC1CF5B11D7}"
EndProject
Project("{FAE04EC0-301F-11D3-BF4B-00C04F79EFBC}") = "Unity.VisualEffectGraph.Runtime", "Unity.VisualEffectGraph.Runtime.csproj", "{122241A9-8DDD-9134-D7EA-F96D6135ED05}"
EndProject
Project("{FAE04EC0-301F-11D3-BF4B-00C04F79EFBC}") = "Assembly-CSharp", "Assembly-CSharp.csproj", "{C090B598-6EFE-7E7D-DFAE-2E9DA61A36F7}"
EndProject
Project("{FAE04EC0-301F-11D3-BF4B-00C04F79EFBC}") = "Unity.Services.Core.Scheduler", "Unity.Services.Core.Scheduler.csproj", "{F6D9117A-F4F3-F791-0768-57FBF26363F3}"
EndProject
Project("{FAE04EC0-301F-11D3-BF4B-00C04F79EFBC}") = "Unity.Services.Core.Device", "Unity.Services.Core.Device.csproj", "{03F96A3B-1739-87A2-5760-26288EAEC83F}"
EndProject
Project("{FAE04EC0-301F-11D3-BF4B-00C04F79EFBC}") = "Unity.Services.Core.Analytics", "Unity.Services.Core.Analytics.csproj", "{76561F4E-213F-43DF-7358-1F3E5E31C5CE}"
EndProject
Project("{FAE04EC0-301F-11D3-BF4B-00C04F79EFBC}") = "Unity.Services.Core.Threading", "Unity.Services.Core.Threading.csproj", "{7830F8CE-B145-F023-9ABE-59675FEC9F6B}"
EndProject
Project("{FAE04EC0-301F-11D3-BF4B-00C04F79EFBC}") = "Unity.Services.Core.Configuration", "Unity.Services.Core.Configuration.csproj", "{0454C912-EC79-13AB-48CC-9E78BCAFE552}"
EndProject
Project("{FAE04EC0-301F-11D3-BF4B-00C04F79EFBC}") = "Unity.Services.Core", "Unity.Services.Core.csproj", "{866F3237-DEFA-790A-D8CA-CB7DD4A051FF}"
EndProject
Project("{FAE04EC0-301F-11D3-BF4B-00C04F79EFBC}") = "Unity.Services.Core.Networking", "Unity.Services.Core.Networking.csproj", "{AD2A7227-63C8-B61A-A345-0727AF0FB407}"
EndProject
Project("{FAE04EC0-301F-11D3-BF4B-00C04F79EFBC}") = "Unity.Services.Core.Registration", "Unity.Services.Core.Registration.csproj", "{3EE5F042-5DC8-9E3A-93A8-40BD4BF59ECF}"
EndProject
Project("{FAE04EC0-301F-11D3-BF4B-00C04F79EFBC}") = "Unity.RenderPipelines.ShaderGraph.ShaderGraphLibrary", "Unity.RenderPipelines.ShaderGraph.ShaderGraphLibrary.csproj", "{464853B4-DAA6-3006-F88A-78847B98029D}"
EndProject
Project("{FAE04EC0-301F-11D3-BF4B-00C04F79EFBC}") = "Unity.RenderPipelines.Core.ShaderLibrary", "Unity.RenderPipelines.Core.ShaderLibrary.csproj", "{0D42080D-F732-8A6A-7AB1-8828463CA4A0}"
EndProject
Project("{FAE04EC0-301F-11D3-BF4B-00C04F79EFBC}") = "Unity.RenderPipelines.Universal.Shaders", "Unity.RenderPipelines.Universal.Shaders.csproj", "{9ACD46C6-C930-010F-3AB7-5AD3E658F7A5}"
EndProject
Project("{FAE04EC0-301F-11D3-BF4B-00C04F79EFBC}") = "Unity.PlasticSCM.Editor", "Unity.PlasticSCM.Editor.csproj", "{8ED175C4-A1DE-83D3-19E6-FE9570FDAA7B}"
EndProject
Project("{FAE04EC0-301F-11D3-BF4B-00C04F79EFBC}") = "Unity.VisualScripting.Core.Editor", "Unity.VisualScripting.Core.Editor.csproj", "{9566D01B-1CCD-5F6B-6DDC-98FAAB5BD9E5}"
EndProject
Project("{FAE04EC0-301F-11D3-BF4B-00C04F79EFBC}") = "Unity.ShaderGraph.Editor", "Unity.ShaderGraph.Editor.csproj", "{16A82A45-A58C-7365-50F1-A6659B1A7461}"
EndProject
Project("{FAE04EC0-301F-11D3-BF4B-00C04F79EFBC}") = "Unity.Timeline.Editor", "Unity.Timeline.Editor.csproj", "{B026A26E-27F7-701D-F2F6-7BD5A6E4E6C0}"
EndProject
Project("{FAE04EC0-301F-11D3-BF4B-00C04F79EFBC}") = "Unity.VisualEffectGraph.Editor", "Unity.VisualEffectGraph.Editor.csproj", "{9DB72CCE-3906-7309-8472-7C1CCD850068}"
EndProject
Project("{FAE04EC0-301F-11D3-BF4B-00C04F79EFBC}") = "Unity.RenderPipelines.Universal.Editor", "Unity.RenderPipelines.Universal.Editor.csproj", "{A4377469-820B-EC54-0A30-AC12A6F18B6E}"
EndProject
Project("{FAE04EC0-301F-11D3-BF4B-00C04F79EFBC}") = "com.unity.cinemachine.editor", "com.unity.cinemachine.editor.csproj", "{A29FB5F9-51F9-2A07-33B6-3F8AEF8AEE83}"
EndProject
Project("{FAE04EC0-301F-11D3-BF4B-00C04F79EFBC}") = "Unity.TextMeshPro.Editor", "Unity.TextMeshPro.Editor.csproj", "{CABA65AB-0CED-23C5-03CF-5C86B8008D3E}"
EndProject
Project("{FAE04EC0-301F-11D3-BF4B-00C04F79EFBC}") = "Unity.VisualScripting.SettingsProvider.Editor", "Unity.VisualScripting.SettingsProvider.Editor.csproj", "{9E71CCA7-9611-54CB-8981-2030A2CE3E2D}"
EndProject
Project("{FAE04EC0-301F-11D3-BF4B-00C04F79EFBC}") = "UnityEditor.TestRunner", "UnityEditor.TestRunner.csproj", "{144AD795-19A9-516E-3A9F-9D6B9F70F332}"
EndProject
Project("{FAE04EC0-301F-11D3-BF4B-00C04F79EFBC}") = "Unity.TestTools.CodeCoverage.Editor", "Unity.TestTools.CodeCoverage.Editor.csproj", "{FD2AFE5D-AEF1-7C26-0F4F-AD6634966461}"
EndProject
Project("{FAE04EC0-301F-11D3-BF4B-00C04F79EFBC}") = "Unity.VisualScripting.Flow.Editor", "Unity.VisualScripting.Flow.Editor.csproj", "{963ABCA7-550A-9C2C-601C-7D5672C223FE}"
EndProject
Project("{FAE04EC0-301F-11D3-BF4B-00C04F79EFBC}") = "Unity.Rider.Editor", "Unity.Rider.Editor.csproj", "{07FF5475-0EA5-6423-7727-45E7EDC324A3}"
EndProject
Project("{FAE04EC0-301F-11D3-BF4B-00C04F79EFBC}") = "Unity.CollabProxy.Editor", "Unity.CollabProxy.Editor.csproj", "{D89F8690-3CF0-2C8F-529D-52565C867B9D}"
EndProject
Project("{FAE04EC0-301F-11D3-BF4B-00C04F79EFBC}") = "Unity.Performance.Profile-Analyzer.Editor", "Unity.Performance.Profile-Analyzer.Editor.csproj", "{4B65D5F6-E46F-8C39-53E0-B53E0E9B0F93}"
EndProject
Project("{FAE04EC0-301F-11D3-BF4B-00C04F79EFBC}") = "Unity.RenderPipelines.Core.Editor", "Unity.RenderPipelines.Core.Editor.csproj", "{270E6256-9837-F826-A1D4-A3E0D2645551}"
EndProject
Project("{FAE04EC0-301F-11D3-BF4B-00C04F79EFBC}") = "Unity.Services.Core.Editor", "Unity.Services.Core.Editor.csproj", "{5531F1D1-AA56-D53B-6D8C-364DEAF04589}"
EndProject
Project("{FAE04EC0-301F-11D3-BF4B-00C04F79EFBC}") = "Unity.Burst.CodeGen", "Unity.Burst.CodeGen.csproj", "{E1AE5AC4-BC6E-FE68-4176-62D8853D6210}"
EndProject
Project("{FAE04EC0-301F-11D3-BF4B-00C04F79EFBC}") = "Unity.VSCode.Editor", "Unity.VSCode.Editor.csproj", "{F455ACFE-E7D9-8908-93BD-78F683115EC2}"
EndProject
Project("{FAE04EC0-301F-11D3-BF4B-00C04F79EFBC}") = "Unity.VisualStudio.Editor", "Unity.VisualStudio.Editor.csproj", "{387F976C-5287-3A09-9D09-0C615F56EC98}"
EndProject
Project("{FAE04EC0-301F-11D3-BF4B-00C04F79EFBC}") = "Unity.TestTools.CodeCoverage.Editor.OpenCover.Model", "Unity.TestTools.CodeCoverage.Editor.OpenCover.Model.csproj", "{873E482A-1C37-1EFD-1E47-8D4FDF076103}"
EndProject
Project("{FAE04EC0-301F-11D3-BF4B-00C04F79EFBC}") = "Unity.Settings.Editor", "Unity.Settings.Editor.csproj", "{62423523-65C6-8082-F040-B2CF050E6841}"
EndProject
Project("{FAE04EC0-301F-11D3-BF4B-00C04F79EFBC}") = "PPv2URPConverters", "PPv2URPConverters.csproj", "{01DC8938-7ACA-9FB3-E571-EB320BC2234C}"
EndProject
Project("{FAE04EC0-301F-11D3-BF4B-00C04F79EFBC}") = "Unity.VisualScripting.State.Editor", "Unity.VisualScripting.State.Editor.csproj", "{B7456A36-2EA8-F5F8-CD43-BFEA7B2403F1}"
EndProject
Project("{FAE04EC0-301F-11D3-BF4B-00C04F79EFBC}") = "UnityEditor.UI", "UnityEditor.UI.csproj", "{BFAFC85B-C6BA-B2BD-C372-3F41F55A05B0}"
EndProject
Project("{FAE04EC0-301F-11D3-BF4B-00C04F79EFBC}") = "Unity.Searcher.Editor", "Unity.Searcher.Editor.csproj", "{1F5F011A-3F9A-BBBF-EFEF-E63C828BDC3B}"
EndProject
Project("{FAE04EC0-301F-11D3-BF4B-00C04F79EFBC}") = "Unity.Services.Core.Configuration.Editor", "Unity.Services.Core.Configuration.Editor.csproj", "{4CC528C1-4DA1-8D27-454D-B4510FBBAFF3}"
EndProject
Project("{FAE04EC0-301F-11D3-BF4B-00C04F79EFBC}") = "Unity.Burst.Editor", "Unity.Burst.Editor.csproj", "{9C916C68-01DF-12F4-F289-B6D05BC9A640}"
EndProject
Project("{FAE04EC0-301F-11D3-BF4B-00C04F79EFBC}") = "Unity.ShaderGraph.Utilities", "Unity.ShaderGraph.Utilities.csproj", "{AD7EA7A3-AB79-FB17-17EC-11470F8811DD}"
EndProject
Project("{FAE04EC0-301F-11D3-BF4B-00C04F79EFBC}") = "Unity.Mathematics.Editor", "Unity.Mathematics.Editor.csproj", "{42C6CE97-7BC2-9451-1A9F-6CBB2E095088}"
EndProject
Project("{FAE04EC0-301F-11D3-BF4B-00C04F79EFBC}") = "Unity.TestTools.CodeCoverage.Editor.OpenCover.Mono.Reflection", "Unity.TestTools.CodeCoverage.Editor.OpenCover.Mono.Reflection.csproj", "{D2E52F0B-A193-FBD1-C0F3-D601EACEC70E}"
EndProject
Project("{FAE04EC0-301F-11D3-BF4B-00C04F79EFBC}") = "Unity.EditorCoroutines.Editor", "Unity.EditorCoroutines.Editor.csproj", "{59B7DF11-55F0-B613-1341-80BCD465D9D3}"
EndProject
Project("{FAE04EC0-301F-11D3-BF4B-00C04F79EFBC}") = "Unity.VisualScripting.Shared.Editor", "Unity.VisualScripting.Shared.Editor.csproj", "{216459DE-D415-62FC-BF9E-3F55419FAAE3}"
EndProject
Global
	GlobalSection(SolutionConfigurationPlatforms) = preSolution
		Debug|Any CPU = Debug|Any CPU
		Release|Any CPU = Release|Any CPU
	EndGlobalSection
	GlobalSection(ProjectConfigurationPlatforms) = postSolution
		{7790EF00-8DA9-983E-5A56-0D3AFBFC2F68}.Debug|Any CPU.ActiveCfg = Debug|Any CPU
		{7790EF00-8DA9-983E-5A56-0D3AFBFC2F68}.Debug|Any CPU.Build.0 = Debug|Any CPU
		{7790EF00-8DA9-983E-5A56-0D3AFBFC2F68}.Release|Any CPU.ActiveCfg = Release|Any CPU
		{7790EF00-8DA9-983E-5A56-0D3AFBFC2F68}.Release|Any CPU.Build.0 = Release|Any CPU
		{F8B656DF-5A32-BC63-7C0E-262B7402C58F}.Debug|Any CPU.ActiveCfg = Debug|Any CPU
		{F8B656DF-5A32-BC63-7C0E-262B7402C58F}.Debug|Any CPU.Build.0 = Debug|Any CPU
		{F8B656DF-5A32-BC63-7C0E-262B7402C58F}.Release|Any CPU.ActiveCfg = Release|Any CPU
		{F8B656DF-5A32-BC63-7C0E-262B7402C58F}.Release|Any CPU.Build.0 = Release|Any CPU
		{21170CAF-CAC3-7F08-5B8F-2D656F36B4E9}.Debug|Any CPU.ActiveCfg = Debug|Any CPU
		{21170CAF-CAC3-7F08-5B8F-2D656F36B4E9}.Debug|Any CPU.Build.0 = Debug|Any CPU
		{21170CAF-CAC3-7F08-5B8F-2D656F36B4E9}.Release|Any CPU.ActiveCfg = Release|Any CPU
		{21170CAF-CAC3-7F08-5B8F-2D656F36B4E9}.Release|Any CPU.Build.0 = Release|Any CPU
		{BD1D080C-C14E-32DE-3A57-A6C2028111A8}.Debug|Any CPU.ActiveCfg = Debug|Any CPU
		{BD1D080C-C14E-32DE-3A57-A6C2028111A8}.Debug|Any CPU.Build.0 = Debug|Any CPU
		{BD1D080C-C14E-32DE-3A57-A6C2028111A8}.Release|Any CPU.ActiveCfg = Release|Any CPU
		{BD1D080C-C14E-32DE-3A57-A6C2028111A8}.Release|Any CPU.Build.0 = Release|Any CPU
		{561A6690-F2A5-6476-AEB4-A52EC4DC8282}.Debug|Any CPU.ActiveCfg = Debug|Any CPU
		{561A6690-F2A5-6476-AEB4-A52EC4DC8282}.Debug|Any CPU.Build.0 = Debug|Any CPU
		{561A6690-F2A5-6476-AEB4-A52EC4DC8282}.Release|Any CPU.ActiveCfg = Release|Any CPU
		{561A6690-F2A5-6476-AEB4-A52EC4DC8282}.Release|Any CPU.Build.0 = Release|Any CPU
		{74217C36-9F76-D4B7-D7C2-107977CAB45C}.Debug|Any CPU.ActiveCfg = Debug|Any CPU
		{74217C36-9F76-D4B7-D7C2-107977CAB45C}.Debug|Any CPU.Build.0 = Debug|Any CPU
		{74217C36-9F76-D4B7-D7C2-107977CAB45C}.Release|Any CPU.ActiveCfg = Release|Any CPU
		{74217C36-9F76-D4B7-D7C2-107977CAB45C}.Release|Any CPU.Build.0 = Release|Any CPU
		{7637540F-7228-77B8-73E4-9EC338815910}.Debug|Any CPU.ActiveCfg = Debug|Any CPU
		{7637540F-7228-77B8-73E4-9EC338815910}.Debug|Any CPU.Build.0 = Debug|Any CPU
		{7637540F-7228-77B8-73E4-9EC338815910}.Release|Any CPU.ActiveCfg = Release|Any CPU
		{7637540F-7228-77B8-73E4-9EC338815910}.Release|Any CPU.Build.0 = Release|Any CPU
		{F22F56BD-38DD-304D-0DDA-681693683D20}.Debug|Any CPU.ActiveCfg = Debug|Any CPU
		{F22F56BD-38DD-304D-0DDA-681693683D20}.Debug|Any CPU.Build.0 = Debug|Any CPU
		{F22F56BD-38DD-304D-0DDA-681693683D20}.Release|Any CPU.ActiveCfg = Release|Any CPU
		{F22F56BD-38DD-304D-0DDA-681693683D20}.Release|Any CPU.Build.0 = Release|Any CPU
		{4D953971-2BFE-C0A7-3560-F24110CC11FE}.Debug|Any CPU.ActiveCfg = Debug|Any CPU
		{4D953971-2BFE-C0A7-3560-F24110CC11FE}.Debug|Any CPU.Build.0 = Debug|Any CPU
		{4D953971-2BFE-C0A7-3560-F24110CC11FE}.Release|Any CPU.ActiveCfg = Release|Any CPU
		{4D953971-2BFE-C0A7-3560-F24110CC11FE}.Release|Any CPU.Build.0 = Release|Any CPU
		{607D9724-AD39-B6DD-0557-12910409269C}.Debug|Any CPU.ActiveCfg = Debug|Any CPU
		{607D9724-AD39-B6DD-0557-12910409269C}.Debug|Any CPU.Build.0 = Debug|Any CPU
		{607D9724-AD39-B6DD-0557-12910409269C}.Release|Any CPU.ActiveCfg = Release|Any CPU
		{607D9724-AD39-B6DD-0557-12910409269C}.Release|Any CPU.Build.0 = Release|Any CPU
		{75BBAA9C-625E-F9A9-43E7-0CF9A9856598}.Debug|Any CPU.ActiveCfg = Debug|Any CPU
		{75BBAA9C-625E-F9A9-43E7-0CF9A9856598}.Debug|Any CPU.Build.0 = Debug|Any CPU
		{75BBAA9C-625E-F9A9-43E7-0CF9A9856598}.Release|Any CPU.ActiveCfg = Release|Any CPU
		{75BBAA9C-625E-F9A9-43E7-0CF9A9856598}.Release|Any CPU.Build.0 = Release|Any CPU
		{61D1D70E-4F2B-FD8D-F624-3EDA612714EE}.Debug|Any CPU.ActiveCfg = Debug|Any CPU
		{61D1D70E-4F2B-FD8D-F624-3EDA612714EE}.Debug|Any CPU.Build.0 = Debug|Any CPU
		{61D1D70E-4F2B-FD8D-F624-3EDA612714EE}.Release|Any CPU.ActiveCfg = Release|Any CPU
		{61D1D70E-4F2B-FD8D-F624-3EDA612714EE}.Release|Any CPU.Build.0 = Release|Any CPU
		{E4624AC3-6A43-5D77-4147-586EAD0E900E}.Debug|Any CPU.ActiveCfg = Debug|Any CPU
		{E4624AC3-6A43-5D77-4147-586EAD0E900E}.Debug|Any CPU.Build.0 = Debug|Any CPU
		{E4624AC3-6A43-5D77-4147-586EAD0E900E}.Release|Any CPU.ActiveCfg = Release|Any CPU
		{E4624AC3-6A43-5D77-4147-586EAD0E900E}.Release|Any CPU.Build.0 = Release|Any CPU
		{251021BF-547C-86FD-5DEA-E8A59385DF84}.Debug|Any CPU.ActiveCfg = Debug|Any CPU
		{251021BF-547C-86FD-5DEA-E8A59385DF84}.Debug|Any CPU.Build.0 = Debug|Any CPU
		{251021BF-547C-86FD-5DEA-E8A59385DF84}.Release|Any CPU.ActiveCfg = Release|Any CPU
		{251021BF-547C-86FD-5DEA-E8A59385DF84}.Release|Any CPU.Build.0 = Release|Any CPU
		{B4A68C90-F9EF-1EB5-21E7-AB5F8D978620}.Debug|Any CPU.ActiveCfg = Debug|Any CPU
		{B4A68C90-F9EF-1EB5-21E7-AB5F8D978620}.Debug|Any CPU.Build.0 = Debug|Any CPU
		{B4A68C90-F9EF-1EB5-21E7-AB5F8D978620}.Release|Any CPU.ActiveCfg = Release|Any CPU
		{B4A68C90-F9EF-1EB5-21E7-AB5F8D978620}.Release|Any CPU.Build.0 = Release|Any CPU
		{CE77FB0E-E7CE-D0D4-219D-EFA2EEA5CD5C}.Debug|Any CPU.ActiveCfg = Debug|Any CPU
		{CE77FB0E-E7CE-D0D4-219D-EFA2EEA5CD5C}.Debug|Any CPU.Build.0 = Debug|Any CPU
		{CE77FB0E-E7CE-D0D4-219D-EFA2EEA5CD5C}.Release|Any CPU.ActiveCfg = Release|Any CPU
		{CE77FB0E-E7CE-D0D4-219D-EFA2EEA5CD5C}.Release|Any CPU.Build.0 = Release|Any CPU
		{73F7BD8E-B83B-18B8-933B-4FC1CF5B11D7}.Debug|Any CPU.ActiveCfg = Debug|Any CPU
		{73F7BD8E-B83B-18B8-933B-4FC1CF5B11D7}.Debug|Any CPU.Build.0 = Debug|Any CPU
		{73F7BD8E-B83B-18B8-933B-4FC1CF5B11D7}.Release|Any CPU.ActiveCfg = Release|Any CPU
		{73F7BD8E-B83B-18B8-933B-4FC1CF5B11D7}.Release|Any CPU.Build.0 = Release|Any CPU
		{122241A9-8DDD-9134-D7EA-F96D6135ED05}.Debug|Any CPU.ActiveCfg = Debug|Any CPU
		{122241A9-8DDD-9134-D7EA-F96D6135ED05}.Debug|Any CPU.Build.0 = Debug|Any CPU
		{122241A9-8DDD-9134-D7EA-F96D6135ED05}.Release|Any CPU.ActiveCfg = Release|Any CPU
		{122241A9-8DDD-9134-D7EA-F96D6135ED05}.Release|Any CPU.Build.0 = Release|Any CPU
		{C090B598-6EFE-7E7D-DFAE-2E9DA61A36F7}.Debug|Any CPU.ActiveCfg = Debug|Any CPU
		{C090B598-6EFE-7E7D-DFAE-2E9DA61A36F7}.Debug|Any CPU.Build.0 = Debug|Any CPU
		{C090B598-6EFE-7E7D-DFAE-2E9DA61A36F7}.Release|Any CPU.ActiveCfg = Release|Any CPU
		{C090B598-6EFE-7E7D-DFAE-2E9DA61A36F7}.Release|Any CPU.Build.0 = Release|Any CPU
		{F6D9117A-F4F3-F791-0768-57FBF26363F3}.Debug|Any CPU.ActiveCfg = Debug|Any CPU
		{F6D9117A-F4F3-F791-0768-57FBF26363F3}.Debug|Any CPU.Build.0 = Debug|Any CPU
		{F6D9117A-F4F3-F791-0768-57FBF26363F3}.Release|Any CPU.ActiveCfg = Release|Any CPU
		{F6D9117A-F4F3-F791-0768-57FBF26363F3}.Release|Any CPU.Build.0 = Release|Any CPU
		{03F96A3B-1739-87A2-5760-26288EAEC83F}.Debug|Any CPU.ActiveCfg = Debug|Any CPU
		{03F96A3B-1739-87A2-5760-26288EAEC83F}.Debug|Any CPU.Build.0 = Debug|Any CPU
		{03F96A3B-1739-87A2-5760-26288EAEC83F}.Release|Any CPU.ActiveCfg = Release|Any CPU
		{03F96A3B-1739-87A2-5760-26288EAEC83F}.Release|Any CPU.Build.0 = Release|Any CPU
		{76561F4E-213F-43DF-7358-1F3E5E31C5CE}.Debug|Any CPU.ActiveCfg = Debug|Any CPU
		{76561F4E-213F-43DF-7358-1F3E5E31C5CE}.Debug|Any CPU.Build.0 = Debug|Any CPU
		{76561F4E-213F-43DF-7358-1F3E5E31C5CE}.Release|Any CPU.ActiveCfg = Release|Any CPU
		{76561F4E-213F-43DF-7358-1F3E5E31C5CE}.Release|Any CPU.Build.0 = Release|Any CPU
		{7830F8CE-B145-F023-9ABE-59675FEC9F6B}.Debug|Any CPU.ActiveCfg = Debug|Any CPU
		{7830F8CE-B145-F023-9ABE-59675FEC9F6B}.Debug|Any CPU.Build.0 = Debug|Any CPU
		{7830F8CE-B145-F023-9ABE-59675FEC9F6B}.Release|Any CPU.ActiveCfg = Release|Any CPU
		{7830F8CE-B145-F023-9ABE-59675FEC9F6B}.Release|Any CPU.Build.0 = Release|Any CPU
		{0454C912-EC79-13AB-48CC-9E78BCAFE552}.Debug|Any CPU.ActiveCfg = Debug|Any CPU
		{0454C912-EC79-13AB-48CC-9E78BCAFE552}.Debug|Any CPU.Build.0 = Debug|Any CPU
		{0454C912-EC79-13AB-48CC-9E78BCAFE552}.Release|Any CPU.ActiveCfg = Release|Any CPU
		{0454C912-EC79-13AB-48CC-9E78BCAFE552}.Release|Any CPU.Build.0 = Release|Any CPU
		{866F3237-DEFA-790A-D8CA-CB7DD4A051FF}.Debug|Any CPU.ActiveCfg = Debug|Any CPU
		{866F3237-DEFA-790A-D8CA-CB7DD4A051FF}.Debug|Any CPU.Build.0 = Debug|Any CPU
		{866F3237-DEFA-790A-D8CA-CB7DD4A051FF}.Release|Any CPU.ActiveCfg = Release|Any CPU
		{866F3237-DEFA-790A-D8CA-CB7DD4A051FF}.Release|Any CPU.Build.0 = Release|Any CPU
		{AD2A7227-63C8-B61A-A345-0727AF0FB407}.Debug|Any CPU.ActiveCfg = Debug|Any CPU
		{AD2A7227-63C8-B61A-A345-0727AF0FB407}.Debug|Any CPU.Build.0 = Debug|Any CPU
		{AD2A7227-63C8-B61A-A345-0727AF0FB407}.Release|Any CPU.ActiveCfg = Release|Any CPU
		{AD2A7227-63C8-B61A-A345-0727AF0FB407}.Release|Any CPU.Build.0 = Release|Any CPU
		{3EE5F042-5DC8-9E3A-93A8-40BD4BF59ECF}.Debug|Any CPU.ActiveCfg = Debug|Any CPU
		{3EE5F042-5DC8-9E3A-93A8-40BD4BF59ECF}.Debug|Any CPU.Build.0 = Debug|Any CPU
		{3EE5F042-5DC8-9E3A-93A8-40BD4BF59ECF}.Release|Any CPU.ActiveCfg = Release|Any CPU
		{3EE5F042-5DC8-9E3A-93A8-40BD4BF59ECF}.Release|Any CPU.Build.0 = Release|Any CPU
		{464853B4-DAA6-3006-F88A-78847B98029D}.Debug|Any CPU.ActiveCfg = Debug|Any CPU
		{464853B4-DAA6-3006-F88A-78847B98029D}.Debug|Any CPU.Build.0 = Debug|Any CPU
		{464853B4-DAA6-3006-F88A-78847B98029D}.Release|Any CPU.ActiveCfg = Release|Any CPU
		{464853B4-DAA6-3006-F88A-78847B98029D}.Release|Any CPU.Build.0 = Release|Any CPU
		{0D42080D-F732-8A6A-7AB1-8828463CA4A0}.Debug|Any CPU.ActiveCfg = Debug|Any CPU
		{0D42080D-F732-8A6A-7AB1-8828463CA4A0}.Debug|Any CPU.Build.0 = Debug|Any CPU
		{0D42080D-F732-8A6A-7AB1-8828463CA4A0}.Release|Any CPU.ActiveCfg = Release|Any CPU
		{0D42080D-F732-8A6A-7AB1-8828463CA4A0}.Release|Any CPU.Build.0 = Release|Any CPU
		{9ACD46C6-C930-010F-3AB7-5AD3E658F7A5}.Debug|Any CPU.ActiveCfg = Debug|Any CPU
		{9ACD46C6-C930-010F-3AB7-5AD3E658F7A5}.Debug|Any CPU.Build.0 = Debug|Any CPU
		{9ACD46C6-C930-010F-3AB7-5AD3E658F7A5}.Release|Any CPU.ActiveCfg = Release|Any CPU
		{9ACD46C6-C930-010F-3AB7-5AD3E658F7A5}.Release|Any CPU.Build.0 = Release|Any CPU
		{8ED175C4-A1DE-83D3-19E6-FE9570FDAA7B}.Debug|Any CPU.ActiveCfg = Debug|Any CPU
		{8ED175C4-A1DE-83D3-19E6-FE9570FDAA7B}.Debug|Any CPU.Build.0 = Debug|Any CPU
		{8ED175C4-A1DE-83D3-19E6-FE9570FDAA7B}.Release|Any CPU.ActiveCfg = Release|Any CPU
		{8ED175C4-A1DE-83D3-19E6-FE9570FDAA7B}.Release|Any CPU.Build.0 = Release|Any CPU
		{9566D01B-1CCD-5F6B-6DDC-98FAAB5BD9E5}.Debug|Any CPU.ActiveCfg = Debug|Any CPU
		{9566D01B-1CCD-5F6B-6DDC-98FAAB5BD9E5}.Debug|Any CPU.Build.0 = Debug|Any CPU
		{9566D01B-1CCD-5F6B-6DDC-98FAAB5BD9E5}.Release|Any CPU.ActiveCfg = Release|Any CPU
		{9566D01B-1CCD-5F6B-6DDC-98FAAB5BD9E5}.Release|Any CPU.Build.0 = Release|Any CPU
		{16A82A45-A58C-7365-50F1-A6659B1A7461}.Debug|Any CPU.ActiveCfg = Debug|Any CPU
		{16A82A45-A58C-7365-50F1-A6659B1A7461}.Debug|Any CPU.Build.0 = Debug|Any CPU
		{16A82A45-A58C-7365-50F1-A6659B1A7461}.Release|Any CPU.ActiveCfg = Release|Any CPU
		{16A82A45-A58C-7365-50F1-A6659B1A7461}.Release|Any CPU.Build.0 = Release|Any CPU
		{B026A26E-27F7-701D-F2F6-7BD5A6E4E6C0}.Debug|Any CPU.ActiveCfg = Debug|Any CPU
		{B026A26E-27F7-701D-F2F6-7BD5A6E4E6C0}.Debug|Any CPU.Build.0 = Debug|Any CPU
		{B026A26E-27F7-701D-F2F6-7BD5A6E4E6C0}.Release|Any CPU.ActiveCfg = Release|Any CPU
		{B026A26E-27F7-701D-F2F6-7BD5A6E4E6C0}.Release|Any CPU.Build.0 = Release|Any CPU
		{9DB72CCE-3906-7309-8472-7C1CCD850068}.Debug|Any CPU.ActiveCfg = Debug|Any CPU
		{9DB72CCE-3906-7309-8472-7C1CCD850068}.Debug|Any CPU.Build.0 = Debug|Any CPU
		{9DB72CCE-3906-7309-8472-7C1CCD850068}.Release|Any CPU.ActiveCfg = Release|Any CPU
		{9DB72CCE-3906-7309-8472-7C1CCD850068}.Release|Any CPU.Build.0 = Release|Any CPU
		{A4377469-820B-EC54-0A30-AC12A6F18B6E}.Debug|Any CPU.ActiveCfg = Debug|Any CPU
		{A4377469-820B-EC54-0A30-AC12A6F18B6E}.Debug|Any CPU.Build.0 = Debug|Any CPU
		{A4377469-820B-EC54-0A30-AC12A6F18B6E}.Release|Any CPU.ActiveCfg = Release|Any CPU
		{A4377469-820B-EC54-0A30-AC12A6F18B6E}.Release|Any CPU.Build.0 = Release|Any CPU
		{A29FB5F9-51F9-2A07-33B6-3F8AEF8AEE83}.Debug|Any CPU.ActiveCfg = Debug|Any CPU
		{A29FB5F9-51F9-2A07-33B6-3F8AEF8AEE83}.Debug|Any CPU.Build.0 = Debug|Any CPU
		{A29FB5F9-51F9-2A07-33B6-3F8AEF8AEE83}.Release|Any CPU.ActiveCfg = Release|Any CPU
		{A29FB5F9-51F9-2A07-33B6-3F8AEF8AEE83}.Release|Any CPU.Build.0 = Release|Any CPU
		{CABA65AB-0CED-23C5-03CF-5C86B8008D3E}.Debug|Any CPU.ActiveCfg = Debug|Any CPU
		{CABA65AB-0CED-23C5-03CF-5C86B8008D3E}.Debug|Any CPU.Build.0 = Debug|Any CPU
		{CABA65AB-0CED-23C5-03CF-5C86B8008D3E}.Release|Any CPU.ActiveCfg = Release|Any CPU
		{CABA65AB-0CED-23C5-03CF-5C86B8008D3E}.Release|Any CPU.Build.0 = Release|Any CPU
		{9E71CCA7-9611-54CB-8981-2030A2CE3E2D}.Debug|Any CPU.ActiveCfg = Debug|Any CPU
		{9E71CCA7-9611-54CB-8981-2030A2CE3E2D}.Debug|Any CPU.Build.0 = Debug|Any CPU
		{9E71CCA7-9611-54CB-8981-2030A2CE3E2D}.Release|Any CPU.ActiveCfg = Release|Any CPU
		{9E71CCA7-9611-54CB-8981-2030A2CE3E2D}.Release|Any CPU.Build.0 = Release|Any CPU
		{144AD795-19A9-516E-3A9F-9D6B9F70F332}.Debug|Any CPU.ActiveCfg = Debug|Any CPU
		{144AD795-19A9-516E-3A9F-9D6B9F70F332}.Debug|Any CPU.Build.0 = Debug|Any CPU
		{144AD795-19A9-516E-3A9F-9D6B9F70F332}.Release|Any CPU.ActiveCfg = Release|Any CPU
		{144AD795-19A9-516E-3A9F-9D6B9F70F332}.Release|Any CPU.Build.0 = Release|Any CPU
		{FD2AFE5D-AEF1-7C26-0F4F-AD6634966461}.Debug|Any CPU.ActiveCfg = Debug|Any CPU
		{FD2AFE5D-AEF1-7C26-0F4F-AD6634966461}.Debug|Any CPU.Build.0 = Debug|Any CPU
		{FD2AFE5D-AEF1-7C26-0F4F-AD6634966461}.Release|Any CPU.ActiveCfg = Release|Any CPU
		{FD2AFE5D-AEF1-7C26-0F4F-AD6634966461}.Release|Any CPU.Build.0 = Release|Any CPU
		{963ABCA7-550A-9C2C-601C-7D5672C223FE}.Debug|Any CPU.ActiveCfg = Debug|Any CPU
		{963ABCA7-550A-9C2C-601C-7D5672C223FE}.Debug|Any CPU.Build.0 = Debug|Any CPU
		{963ABCA7-550A-9C2C-601C-7D5672C223FE}.Release|Any CPU.ActiveCfg = Release|Any CPU
		{963ABCA7-550A-9C2C-601C-7D5672C223FE}.Release|Any CPU.Build.0 = Release|Any CPU
		{07FF5475-0EA5-6423-7727-45E7EDC324A3}.Debug|Any CPU.ActiveCfg = Debug|Any CPU
		{07FF5475-0EA5-6423-7727-45E7EDC324A3}.Debug|Any CPU.Build.0 = Debug|Any CPU
		{07FF5475-0EA5-6423-7727-45E7EDC324A3}.Release|Any CPU.ActiveCfg = Release|Any CPU
		{07FF5475-0EA5-6423-7727-45E7EDC324A3}.Release|Any CPU.Build.0 = Release|Any CPU
		{D89F8690-3CF0-2C8F-529D-52565C867B9D}.Debug|Any CPU.ActiveCfg = Debug|Any CPU
		{D89F8690-3CF0-2C8F-529D-52565C867B9D}.Debug|Any CPU.Build.0 = Debug|Any CPU
		{D89F8690-3CF0-2C8F-529D-52565C867B9D}.Release|Any CPU.ActiveCfg = Release|Any CPU
		{D89F8690-3CF0-2C8F-529D-52565C867B9D}.Release|Any CPU.Build.0 = Release|Any CPU
		{4B65D5F6-E46F-8C39-53E0-B53E0E9B0F93}.Debug|Any CPU.ActiveCfg = Debug|Any CPU
		{4B65D5F6-E46F-8C39-53E0-B53E0E9B0F93}.Debug|Any CPU.Build.0 = Debug|Any CPU
		{4B65D5F6-E46F-8C39-53E0-B53E0E9B0F93}.Release|Any CPU.ActiveCfg = Release|Any CPU
		{4B65D5F6-E46F-8C39-53E0-B53E0E9B0F93}.Release|Any CPU.Build.0 = Release|Any CPU
		{270E6256-9837-F826-A1D4-A3E0D2645551}.Debug|Any CPU.ActiveCfg = Debug|Any CPU
		{270E6256-9837-F826-A1D4-A3E0D2645551}.Debug|Any CPU.Build.0 = Debug|Any CPU
		{270E6256-9837-F826-A1D4-A3E0D2645551}.Release|Any CPU.ActiveCfg = Release|Any CPU
		{270E6256-9837-F826-A1D4-A3E0D2645551}.Release|Any CPU.Build.0 = Release|Any CPU
		{5531F1D1-AA56-D53B-6D8C-364DEAF04589}.Debug|Any CPU.ActiveCfg = Debug|Any CPU
		{5531F1D1-AA56-D53B-6D8C-364DEAF04589}.Debug|Any CPU.Build.0 = Debug|Any CPU
		{5531F1D1-AA56-D53B-6D8C-364DEAF04589}.Release|Any CPU.ActiveCfg = Release|Any CPU
		{5531F1D1-AA56-D53B-6D8C-364DEAF04589}.Release|Any CPU.Build.0 = Release|Any CPU
		{E1AE5AC4-BC6E-FE68-4176-62D8853D6210}.Debug|Any CPU.ActiveCfg = Debug|Any CPU
		{E1AE5AC4-BC6E-FE68-4176-62D8853D6210}.Debug|Any CPU.Build.0 = Debug|Any CPU
		{E1AE5AC4-BC6E-FE68-4176-62D8853D6210}.Release|Any CPU.ActiveCfg = Release|Any CPU
		{E1AE5AC4-BC6E-FE68-4176-62D8853D6210}.Release|Any CPU.Build.0 = Release|Any CPU
		{F455ACFE-E7D9-8908-93BD-78F683115EC2}.Debug|Any CPU.ActiveCfg = Debug|Any CPU
		{F455ACFE-E7D9-8908-93BD-78F683115EC2}.Debug|Any CPU.Build.0 = Debug|Any CPU
		{F455ACFE-E7D9-8908-93BD-78F683115EC2}.Release|Any CPU.ActiveCfg = Release|Any CPU
		{F455ACFE-E7D9-8908-93BD-78F683115EC2}.Release|Any CPU.Build.0 = Release|Any CPU
		{387F976C-5287-3A09-9D09-0C615F56EC98}.Debug|Any CPU.ActiveCfg = Debug|Any CPU
		{387F976C-5287-3A09-9D09-0C615F56EC98}.Debug|Any CPU.Build.0 = Debug|Any CPU
		{387F976C-5287-3A09-9D09-0C615F56EC98}.Release|Any CPU.ActiveCfg = Release|Any CPU
		{387F976C-5287-3A09-9D09-0C615F56EC98}.Release|Any CPU.Build.0 = Release|Any CPU
		{873E482A-1C37-1EFD-1E47-8D4FDF076103}.Debug|Any CPU.ActiveCfg = Debug|Any CPU
		{873E482A-1C37-1EFD-1E47-8D4FDF076103}.Debug|Any CPU.Build.0 = Debug|Any CPU
		{873E482A-1C37-1EFD-1E47-8D4FDF076103}.Release|Any CPU.ActiveCfg = Release|Any CPU
		{873E482A-1C37-1EFD-1E47-8D4FDF076103}.Release|Any CPU.Build.0 = Release|Any CPU
		{62423523-65C6-8082-F040-B2CF050E6841}.Debug|Any CPU.ActiveCfg = Debug|Any CPU
		{62423523-65C6-8082-F040-B2CF050E6841}.Debug|Any CPU.Build.0 = Debug|Any CPU
		{62423523-65C6-8082-F040-B2CF050E6841}.Release|Any CPU.ActiveCfg = Release|Any CPU
		{62423523-65C6-8082-F040-B2CF050E6841}.Release|Any CPU.Build.0 = Release|Any CPU
		{01DC8938-7ACA-9FB3-E571-EB320BC2234C}.Debug|Any CPU.ActiveCfg = Debug|Any CPU
		{01DC8938-7ACA-9FB3-E571-EB320BC2234C}.Debug|Any CPU.Build.0 = Debug|Any CPU
		{01DC8938-7ACA-9FB3-E571-EB320BC2234C}.Release|Any CPU.ActiveCfg = Release|Any CPU
		{01DC8938-7ACA-9FB3-E571-EB320BC2234C}.Release|Any CPU.Build.0 = Release|Any CPU
		{B7456A36-2EA8-F5F8-CD43-BFEA7B2403F1}.Debug|Any CPU.ActiveCfg = Debug|Any CPU
		{B7456A36-2EA8-F5F8-CD43-BFEA7B2403F1}.Debug|Any CPU.Build.0 = Debug|Any CPU
		{B7456A36-2EA8-F5F8-CD43-BFEA7B2403F1}.Release|Any CPU.ActiveCfg = Release|Any CPU
		{B7456A36-2EA8-F5F8-CD43-BFEA7B2403F1}.Release|Any CPU.Build.0 = Release|Any CPU
		{BFAFC85B-C6BA-B2BD-C372-3F41F55A05B0}.Debug|Any CPU.ActiveCfg = Debug|Any CPU
		{BFAFC85B-C6BA-B2BD-C372-3F41F55A05B0}.Debug|Any CPU.Build.0 = Debug|Any CPU
		{BFAFC85B-C6BA-B2BD-C372-3F41F55A05B0}.Release|Any CPU.ActiveCfg = Release|Any CPU
		{BFAFC85B-C6BA-B2BD-C372-3F41F55A05B0}.Release|Any CPU.Build.0 = Release|Any CPU
		{1F5F011A-3F9A-BBBF-EFEF-E63C828BDC3B}.Debug|Any CPU.ActiveCfg = Debug|Any CPU
		{1F5F011A-3F9A-BBBF-EFEF-E63C828BDC3B}.Debug|Any CPU.Build.0 = Debug|Any CPU
		{1F5F011A-3F9A-BBBF-EFEF-E63C828BDC3B}.Release|Any CPU.ActiveCfg = Release|Any CPU
		{1F5F011A-3F9A-BBBF-EFEF-E63C828BDC3B}.Release|Any CPU.Build.0 = Release|Any CPU
		{4CC528C1-4DA1-8D27-454D-B4510FBBAFF3}.Debug|Any CPU.ActiveCfg = Debug|Any CPU
		{4CC528C1-4DA1-8D27-454D-B4510FBBAFF3}.Debug|Any CPU.Build.0 = Debug|Any CPU
		{4CC528C1-4DA1-8D27-454D-B4510FBBAFF3}.Release|Any CPU.ActiveCfg = Release|Any CPU
		{4CC528C1-4DA1-8D27-454D-B4510FBBAFF3}.Release|Any CPU.Build.0 = Release|Any CPU
		{9C916C68-01DF-12F4-F289-B6D05BC9A640}.Debug|Any CPU.ActiveCfg = Debug|Any CPU
		{9C916C68-01DF-12F4-F289-B6D05BC9A640}.Debug|Any CPU.Build.0 = Debug|Any CPU
		{9C916C68-01DF-12F4-F289-B6D05BC9A640}.Release|Any CPU.ActiveCfg = Release|Any CPU
		{9C916C68-01DF-12F4-F289-B6D05BC9A640}.Release|Any CPU.Build.0 = Release|Any CPU
		{AD7EA7A3-AB79-FB17-17EC-11470F8811DD}.Debug|Any CPU.ActiveCfg = Debug|Any CPU
		{AD7EA7A3-AB79-FB17-17EC-11470F8811DD}.Debug|Any CPU.Build.0 = Debug|Any CPU
		{AD7EA7A3-AB79-FB17-17EC-11470F8811DD}.Release|Any CPU.ActiveCfg = Release|Any CPU
		{AD7EA7A3-AB79-FB17-17EC-11470F8811DD}.Release|Any CPU.Build.0 = Release|Any CPU
		{42C6CE97-7BC2-9451-1A9F-6CBB2E095088}.Debug|Any CPU.ActiveCfg = Debug|Any CPU
		{42C6CE97-7BC2-9451-1A9F-6CBB2E095088}.Debug|Any CPU.Build.0 = Debug|Any CPU
		{42C6CE97-7BC2-9451-1A9F-6CBB2E095088}.Release|Any CPU.ActiveCfg = Release|Any CPU
		{42C6CE97-7BC2-9451-1A9F-6CBB2E095088}.Release|Any CPU.Build.0 = Release|Any CPU
		{D2E52F0B-A193-FBD1-C0F3-D601EACEC70E}.Debug|Any CPU.ActiveCfg = Debug|Any CPU
		{D2E52F0B-A193-FBD1-C0F3-D601EACEC70E}.Debug|Any CPU.Build.0 = Debug|Any CPU
		{D2E52F0B-A193-FBD1-C0F3-D601EACEC70E}.Release|Any CPU.ActiveCfg = Release|Any CPU
		{D2E52F0B-A193-FBD1-C0F3-D601EACEC70E}.Release|Any CPU.Build.0 = Release|Any CPU
		{59B7DF11-55F0-B613-1341-80BCD465D9D3}.Debug|Any CPU.ActiveCfg = Debug|Any CPU
		{59B7DF11-55F0-B613-1341-80BCD465D9D3}.Debug|Any CPU.Build.0 = Debug|Any CPU
		{59B7DF11-55F0-B613-1341-80BCD465D9D3}.Release|Any CPU.ActiveCfg = Release|Any CPU
		{59B7DF11-55F0-B613-1341-80BCD465D9D3}.Release|Any CPU.Build.0 = Release|Any CPU
		{216459DE-D415-62FC-BF9E-3F55419FAAE3}.Debug|Any CPU.ActiveCfg = Debug|Any CPU
		{216459DE-D415-62FC-BF9E-3F55419FAAE3}.Debug|Any CPU.Build.0 = Debug|Any CPU
		{216459DE-D415-62FC-BF9E-3F55419FAAE3}.Release|Any CPU.ActiveCfg = Release|Any CPU
		{216459DE-D415-62FC-BF9E-3F55419FAAE3}.Release|Any CPU.Build.0 = Release|Any CPU
	EndGlobalSection
	GlobalSection(SolutionProperties) = preSolution
		HideSolutionNode = FALSE
	EndGlobalSection
EndGlobal
