
Microsoft Visual Studio Solution File, Format Version 12.00
# Visual Studio 15
Project("{FAE04EC0-301F-11D3-BF4B-00C04F79EFBC}") = "UnityEngine.UI", "UnityEngine.UI.csproj", "{CC941EBD-F33C-66CB-A7CD-215A880D14F6}"
EndProject
Project("{FAE04EC0-301F-11D3-BF4B-00C04F79EFBC}") = "Unity.RenderPipelines.Core.Runtime", "Unity.RenderPipelines.Core.Runtime.csproj", "{0DA78A0E-286B-F3F1-D6A8-3837C6FA5BA2}"
EndProject
Project("{FAE04EC0-301F-11D3-BF4B-00C04F79EFBC}") = "UnityEngine.TestRunner", "UnityEngine.TestRunner.csproj", "{C0F53537-DE86-0648-C098-90D7BABD6DA7}"
EndProject
Project("{FAE04EC0-301F-11D3-BF4B-00C04F79EFBC}") = "Unity.Services.Core.Telemetry", "Unity.Services.Core.Telemetry.csproj", "{E9AE6049-AF25-62A9-3174-9EF09BDE9887}"
EndProject
Project("{FAE04EC0-301F-11D3-BF4B-00C04F79EFBC}") = "Unity.VisualScripting.State", "Unity.VisualScripting.State.csproj", "{73C68419-FAA6-AAAC-65AD-D2A26C3812A2}"
EndProject
Project("{FAE04EC0-301F-11D3-BF4B-00C04F79EFBC}") = "Unity.RenderPipelines.Universal.Runtime", "Unity.RenderPipelines.Universal.Runtime.csproj", "{A4A565B0-427B-BBAB-2D24-3FBBF6C3FAD1}"
EndProject
Project("{FAE04EC0-301F-11D3-BF4B-00C04F79EFBC}") = "Unity.VisualScripting.Flow", "Unity.VisualScripting.Flow.csproj", "{AB45394F-3B1F-A17D-E4A2-9F6D6247948E}"
EndProject
Project("{FAE04EC0-301F-11D3-BF4B-00C04F79EFBC}") = "Unity.VisualScripting.Core", "Unity.VisualScripting.Core.csproj", "{9B3CC36C-5F7C-9A51-C16E-7C04F7E35D34}"
EndProject
Project("{FAE04EC0-301F-11D3-BF4B-00C04F79EFBC}") = "Unity.Services.Core.Environments.Internal", "Unity.Services.Core.Environments.Internal.csproj", "{37131BE7-025C-9F1B-03CD-A16290B4C546}"
EndProject
Project("{FAE04EC0-301F-11D3-BF4B-00C04F79EFBC}") = "Unity.TextMeshPro", "Unity.TextMeshPro.csproj", "{DA96F956-C4B6-C7F9-B407-DBB588BF8A26}"
EndProject
Project("{FAE04EC0-301F-11D3-BF4B-00C04F79EFBC}") = "Unity.Burst", "Unity.Burst.csproj", "{F03C0A37-A9E7-1FB9-C58E-8BCE35A808EC}"
EndProject
Project("{FAE04EC0-301F-11D3-BF4B-00C04F79EFBC}") = "Unity.RenderPipeline.Universal.ShaderLibrary", "Unity.RenderPipeline.Universal.ShaderLibrary.csproj", "{F21C300F-212E-0F4A-EA80-6026E8604A3F}"
EndProject
Project("{FAE04EC0-301F-11D3-BF4B-00C04F79EFBC}") = "Cinemachine", "Cinemachine.csproj", "{DF5B3824-4AD1-519C-E47C-4DF6384C9EB0}"
EndProject
Project("{FAE04EC0-301F-11D3-BF4B-00C04F79EFBC}") = "Unity.Services.Core.Environments", "Unity.Services.Core.Environments.csproj", "{E9D9C1E4-4894-4198-83FB-1599487F7E2C}"
EndProject
Project("{FAE04EC0-301F-11D3-BF4B-00C04F79EFBC}") = "Unity.Services.Core.Internal", "Unity.Services.Core.Internal.csproj", "{99D09FB9-67D9-116C-4DC3-0A63A04EDCCB}"
EndProject
Project("{FAE04EC0-301F-11D3-BF4B-00C04F79EFBC}") = "Unity.Timeline", "Unity.Timeline.csproj", "{1BDCD141-9537-59C9-A41E-73ED20325589}"
EndProject
Project("{FAE04EC0-301F-11D3-BF4B-00C04F79EFBC}") = "Unity.Mathematics", "Unity.Mathematics.csproj", "{E4195655-D3B6-BE7A-F549-94E0D97D7DA6}"
EndProject
Project("{FAE04EC0-301F-11D3-BF4B-00C04F79EFBC}") = "Unity.VisualEffectGraph.Runtime", "Unity.VisualEffectGraph.Runtime.csproj", "{DAC0D7EA-80A7-16E8-5942-C9804FE95395}"
EndProject
Project("{FAE04EC0-301F-11D3-BF4B-00C04F79EFBC}") = "Unity.Services.Core.Scheduler", "Unity.Services.Core.Scheduler.csproj", "{936A4803-0533-43DD-F4BF-2BEB36EBD409}"
EndProject
Project("{FAE04EC0-301F-11D3-BF4B-00C04F79EFBC}") = "Unity.Services.Core.Device", "Unity.Services.Core.Device.csproj", "{B6FC89E9-308E-CA22-B8B2-A53B3850BF37}"
EndProject
Project("{FAE04EC0-301F-11D3-BF4B-00C04F79EFBC}") = "Unity.Services.Core.Analytics", "Unity.Services.Core.Analytics.csproj", "{E2687BC4-A864-61A4-0803-E45CCBB756F6}"
EndProject
Project("{FAE04EC0-301F-11D3-BF4B-00C04F79EFBC}") = "Unity.Services.Core.Threading", "Unity.Services.Core.Threading.csproj", "{AE21EBD6-855A-EF32-932E-682FF345FA93}"
EndProject
Project("{FAE04EC0-301F-11D3-BF4B-00C04F79EFBC}") = "Unity.Services.Core.Configuration", "Unity.Services.Core.Configuration.csproj", "{4B176D82-E132-B376-94B1-F884CDF4A55D}"
EndProject
Project("{FAE04EC0-301F-11D3-BF4B-00C04F79EFBC}") = "Unity.Services.Core", "Unity.Services.Core.csproj", "{B14B99CD-1B2A-DAF1-E17E-CD5A9DF3B55F}"
EndProject
Project("{FAE04EC0-301F-11D3-BF4B-00C04F79EFBC}") = "Unity.Services.Core.Networking", "Unity.Services.Core.Networking.csproj", "{C3E0A150-B169-D7A3-E5CB-8EEC9D7DC91C}"
EndProject
Project("{FAE04EC0-301F-11D3-BF4B-00C04F79EFBC}") = "Assembly-CSharp", "Assembly-CSharp.csproj", "{8AF13FBB-11BF-C15A-4678-6C4AD324ED18}"
EndProject
Project("{FAE04EC0-301F-11D3-BF4B-00C04F79EFBC}") = "Unity.Services.Core.Registration", "Unity.Services.Core.Registration.csproj", "{9FC31312-A797-8881-D4BD-692F10C142AE}"
EndProject
Project("{FAE04EC0-301F-11D3-BF4B-00C04F79EFBC}") = "Unity.RenderPipelines.ShaderGraph.ShaderGraphLibrary", "Unity.RenderPipelines.ShaderGraph.ShaderGraphLibrary.csproj", "{3BE6B753-1765-BD56-C9B1-4790B8AD0235}"
EndProject
Project("{FAE04EC0-301F-11D3-BF4B-00C04F79EFBC}") = "Unity.RenderPipelines.Core.ShaderLibrary", "Unity.RenderPipelines.Core.ShaderLibrary.csproj", "{04E635FA-CB00-B5A2-DCD4-58066B2C056F}"
EndProject
Project("{FAE04EC0-301F-11D3-BF4B-00C04F79EFBC}") = "Unity.RenderPipelines.Universal.Shaders", "Unity.RenderPipelines.Universal.Shaders.csproj", "{4EE0B324-E53D-263C-33AF-62B61AC91A17}"
EndProject
Project("{FAE04EC0-301F-11D3-BF4B-00C04F79EFBC}") = "Unity.PlasticSCM.Editor", "Unity.PlasticSCM.Editor.csproj", "{472394D5-ABCF-E3A7-C3BA-2B93C85BEE0B}"
EndProject
Project("{FAE04EC0-301F-11D3-BF4B-00C04F79EFBC}") = "Unity.VisualScripting.Core.Editor", "Unity.VisualScripting.Core.Editor.csproj", "{75A7FDFA-5A4F-F09F-B32A-AF19BEA35B9F}"
EndProject
Project("{FAE04EC0-301F-11D3-BF4B-00C04F79EFBC}") = "Unity.ShaderGraph.Editor", "Unity.ShaderGraph.Editor.csproj", "{6D0E7791-DC8C-6B86-A28C-91391CC01CD4}"
EndProject
Project("{FAE04EC0-301F-11D3-BF4B-00C04F79EFBC}") = "Unity.Timeline.Editor", "Unity.Timeline.Editor.csproj", "{81CD30DF-7397-9716-699C-6F81D3213DD5}"
EndProject
Project("{FAE04EC0-301F-11D3-BF4B-00C04F79EFBC}") = "Unity.VisualEffectGraph.Editor", "Unity.VisualEffectGraph.Editor.csproj", "{E9142FD8-4F5C-7B5A-A5A4-EE6642CF3495}"
EndProject
Project("{FAE04EC0-301F-11D3-BF4B-00C04F79EFBC}") = "Unity.RenderPipelines.Universal.Editor", "Unity.RenderPipelines.Universal.Editor.csproj", "{ACAD0267-BAD4-7AE9-951F-B28B9D64A4A4}"
EndProject
Project("{FAE04EC0-301F-11D3-BF4B-00C04F79EFBC}") = "com.unity.cinemachine.editor", "com.unity.cinemachine.editor.csproj", "{2C8FE1E4-462C-7CEC-F5D0-C7D9D64F2A56}"
EndProject
Project("{FAE04EC0-301F-11D3-BF4B-00C04F79EFBC}") = "Unity.TextMeshPro.Editor", "Unity.TextMeshPro.Editor.csproj", "{81497AC6-49FE-0126-20D7-303222C7FEE5}"
EndProject
Project("{FAE04EC0-301F-11D3-BF4B-00C04F79EFBC}") = "Unity.VisualScripting.SettingsProvider.Editor", "Unity.VisualScripting.SettingsProvider.Editor.csproj", "{75348767-98B1-E1D8-03D2-8A97D109D695}"
EndProject
Project("{FAE04EC0-301F-11D3-BF4B-00C04F79EFBC}") = "UnityEditor.TestRunner", "UnityEditor.TestRunner.csproj", "{A8A4D199-9830-A9AC-DE74-671B64096855}"
EndProject
Project("{FAE04EC0-301F-11D3-BF4B-00C04F79EFBC}") = "Unity.TestTools.CodeCoverage.Editor", "Unity.TestTools.CodeCoverage.Editor.csproj", "{A2B81F5E-7596-E016-AB47-827F9D86967D}"
EndProject
Project("{FAE04EC0-301F-11D3-BF4B-00C04F79EFBC}") = "Unity.VisualScripting.Flow.Editor", "Unity.VisualScripting.Flow.Editor.csproj", "{7C06D7AF-704C-D4D2-1042-C6D7E7D97E5F}"
EndProject
Project("{FAE04EC0-301F-11D3-BF4B-00C04F79EFBC}") = "Unity.Rider.Editor", "Unity.Rider.Editor.csproj", "{2D8725BF-CB9A-03A6-39AC-3A2A035D592E}"
EndProject
Project("{FAE04EC0-301F-11D3-BF4B-00C04F79EFBC}") = "Unity.CollabProxy.Editor", "Unity.CollabProxy.Editor.csproj", "{8C3DF5D4-7082-B73D-4972-5249A20090B1}"
EndProject
Project("{FAE04EC0-301F-11D3-BF4B-00C04F79EFBC}") = "Unity.Performance.Profile-Analyzer.Editor", "Unity.Performance.Profile-Analyzer.Editor.csproj", "{576F5EE1-2DD0-4368-3D3C-22187F96CC7B}"
EndProject
Project("{FAE04EC0-301F-11D3-BF4B-00C04F79EFBC}") = "Unity.RenderPipelines.Core.Editor", "Unity.RenderPipelines.Core.Editor.csproj", "{5952D0B0-CA22-DFED-8F59-E2C75B2D38AB}"
EndProject
Project("{FAE04EC0-301F-11D3-BF4B-00C04F79EFBC}") = "Unity.Services.Core.Editor", "Unity.Services.Core.Editor.csproj", "{8436FAFA-7196-13B7-6AE4-B8D3C49AC3F5}"
EndProject
Project("{FAE04EC0-301F-11D3-BF4B-00C04F79EFBC}") = "Unity.Burst.CodeGen", "Unity.Burst.CodeGen.csproj", "{14304ACB-ABAC-F0F0-2B47-D8615A7BBFCE}"
EndProject
Project("{FAE04EC0-301F-11D3-BF4B-00C04F79EFBC}") = "Unity.VSCode.Editor", "Unity.VSCode.Editor.csproj", "{FC2ED720-A21D-CA75-F8F8-8D846ED7E508}"
EndProject
Project("{FAE04EC0-301F-11D3-BF4B-00C04F79EFBC}") = "Unity.VisualStudio.Editor", "Unity.VisualStudio.Editor.csproj", "{18DEBB6D-ACB0-760E-4BF7-CEB20752BA76}"
EndProject
Project("{FAE04EC0-301F-11D3-BF4B-00C04F79EFBC}") = "Unity.TestTools.CodeCoverage.Editor.OpenCover.Model", "Unity.TestTools.CodeCoverage.Editor.OpenCover.Model.csproj", "{BFD9E882-00B7-3AA3-142E-608D4B76EFD8}"
EndProject
Project("{FAE04EC0-301F-11D3-BF4B-00C04F79EFBC}") = "Unity.Settings.Editor", "Unity.Settings.Editor.csproj", "{FED6F8F2-4350-2411-1181-DCFB5AEF8127}"
EndProject
Project("{FAE04EC0-301F-11D3-BF4B-00C04F79EFBC}") = "PPv2URPConverters", "PPv2URPConverters.csproj", "{646D6AEB-2E4E-6599-6F6B-488473DE8B13}"
EndProject
Project("{FAE04EC0-301F-11D3-BF4B-00C04F79EFBC}") = "Unity.VisualScripting.State.Editor", "Unity.VisualScripting.State.Editor.csproj", "{F31DD41D-BCC1-E7E4-F0AC-0728254A9CEC}"
EndProject
Project("{FAE04EC0-301F-11D3-BF4B-00C04F79EFBC}") = "UnityEditor.UI", "UnityEditor.UI.csproj", "{489AF8BC-E902-9206-49AB-41A4C422A17E}"
EndProject
Project("{FAE04EC0-301F-11D3-BF4B-00C04F79EFBC}") = "Unity.Searcher.Editor", "Unity.Searcher.Editor.csproj", "{E5A21AA3-9977-196E-892A-5C24EA3FB4D7}"
EndProject
Project("{FAE04EC0-301F-11D3-BF4B-00C04F79EFBC}") = "Unity.Services.Core.Configuration.Editor", "Unity.Services.Core.Configuration.Editor.csproj", "{E5865A11-95F2-3904-EBD6-6CB0F5352CDF}"
EndProject
Project("{FAE04EC0-301F-11D3-BF4B-00C04F79EFBC}") = "Unity.Burst.Editor", "Unity.Burst.Editor.csproj", "{3186BFBA-B204-5238-02FB-F031DADA1EC8}"
EndProject
Project("{FAE04EC0-301F-11D3-BF4B-00C04F79EFBC}") = "Unity.ShaderGraph.Utilities", "Unity.ShaderGraph.Utilities.csproj", "{E4DDB434-F885-B46D-C7B3-0867D2F959FD}"
EndProject
Project("{FAE04EC0-301F-11D3-BF4B-00C04F79EFBC}") = "Unity.Mathematics.Editor", "Unity.Mathematics.Editor.csproj", "{447B35BC-BE9A-C3AE-58B9-BA26BF42D834}"
EndProject
Project("{FAE04EC0-301F-11D3-BF4B-00C04F79EFBC}") = "Unity.TestTools.CodeCoverage.Editor.OpenCover.Mono.Reflection", "Unity.TestTools.CodeCoverage.Editor.OpenCover.Mono.Reflection.csproj", "{2AAE4CDE-B224-60C1-50FE-21CF6F32FF8E}"
EndProject
Project("{FAE04EC0-301F-11D3-BF4B-00C04F79EFBC}") = "Unity.EditorCoroutines.Editor", "Unity.EditorCoroutines.Editor.csproj", "{A541D5D9-22FF-D3B6-31C0-269993331755}"
EndProject
Project("{FAE04EC0-301F-11D3-BF4B-00C04F79EFBC}") = "Unity.VisualScripting.Shared.Editor", "Unity.VisualScripting.Shared.Editor.csproj", "{6EBEA6F0-0A48-5990-E494-8CF738F38A09}"
EndProject
Global
	GlobalSection(SolutionConfigurationPlatforms) = preSolution
		Debug|Any CPU = Debug|Any CPU
		Release|Any CPU = Release|Any CPU
	EndGlobalSection
	GlobalSection(ProjectConfigurationPlatforms) = postSolution
		{CC941EBD-F33C-66CB-A7CD-215A880D14F6}.Debug|Any CPU.ActiveCfg = Debug|Any CPU
		{CC941EBD-F33C-66CB-A7CD-215A880D14F6}.Debug|Any CPU.Build.0 = Debug|Any CPU
		{CC941EBD-F33C-66CB-A7CD-215A880D14F6}.Release|Any CPU.ActiveCfg = Release|Any CPU
		{CC941EBD-F33C-66CB-A7CD-215A880D14F6}.Release|Any CPU.Build.0 = Release|Any CPU
		{0DA78A0E-286B-F3F1-D6A8-3837C6FA5BA2}.Debug|Any CPU.ActiveCfg = Debug|Any CPU
		{0DA78A0E-286B-F3F1-D6A8-3837C6FA5BA2}.Debug|Any CPU.Build.0 = Debug|Any CPU
		{0DA78A0E-286B-F3F1-D6A8-3837C6FA5BA2}.Release|Any CPU.ActiveCfg = Release|Any CPU
		{0DA78A0E-286B-F3F1-D6A8-3837C6FA5BA2}.Release|Any CPU.Build.0 = Release|Any CPU
		{C0F53537-DE86-0648-C098-90D7BABD6DA7}.Debug|Any CPU.ActiveCfg = Debug|Any CPU
		{C0F53537-DE86-0648-C098-90D7BABD6DA7}.Debug|Any CPU.Build.0 = Debug|Any CPU
		{C0F53537-DE86-0648-C098-90D7BABD6DA7}.Release|Any CPU.ActiveCfg = Release|Any CPU
		{C0F53537-DE86-0648-C098-90D7BABD6DA7}.Release|Any CPU.Build.0 = Release|Any CPU
		{E9AE6049-AF25-62A9-3174-9EF09BDE9887}.Debug|Any CPU.ActiveCfg = Debug|Any CPU
		{E9AE6049-AF25-62A9-3174-9EF09BDE9887}.Debug|Any CPU.Build.0 = Debug|Any CPU
		{E9AE6049-AF25-62A9-3174-9EF09BDE9887}.Release|Any CPU.ActiveCfg = Release|Any CPU
		{E9AE6049-AF25-62A9-3174-9EF09BDE9887}.Release|Any CPU.Build.0 = Release|Any CPU
		{73C68419-FAA6-AAAC-65AD-D2A26C3812A2}.Debug|Any CPU.ActiveCfg = Debug|Any CPU
		{73C68419-FAA6-AAAC-65AD-D2A26C3812A2}.Debug|Any CPU.Build.0 = Debug|Any CPU
		{73C68419-FAA6-AAAC-65AD-D2A26C3812A2}.Release|Any CPU.ActiveCfg = Release|Any CPU
		{73C68419-FAA6-AAAC-65AD-D2A26C3812A2}.Release|Any CPU.Build.0 = Release|Any CPU
		{A4A565B0-427B-BBAB-2D24-3FBBF6C3FAD1}.Debug|Any CPU.ActiveCfg = Debug|Any CPU
		{A4A565B0-427B-BBAB-2D24-3FBBF6C3FAD1}.Debug|Any CPU.Build.0 = Debug|Any CPU
		{A4A565B0-427B-BBAB-2D24-3FBBF6C3FAD1}.Release|Any CPU.ActiveCfg = Release|Any CPU
		{A4A565B0-427B-BBAB-2D24-3FBBF6C3FAD1}.Release|Any CPU.Build.0 = Release|Any CPU
		{AB45394F-3B1F-A17D-E4A2-9F6D6247948E}.Debug|Any CPU.ActiveCfg = Debug|Any CPU
		{AB45394F-3B1F-A17D-E4A2-9F6D6247948E}.Debug|Any CPU.Build.0 = Debug|Any CPU
		{AB45394F-3B1F-A17D-E4A2-9F6D6247948E}.Release|Any CPU.ActiveCfg = Release|Any CPU
		{AB45394F-3B1F-A17D-E4A2-9F6D6247948E}.Release|Any CPU.Build.0 = Release|Any CPU
		{9B3CC36C-5F7C-9A51-C16E-7C04F7E35D34}.Debug|Any CPU.ActiveCfg = Debug|Any CPU
		{9B3CC36C-5F7C-9A51-C16E-7C04F7E35D34}.Debug|Any CPU.Build.0 = Debug|Any CPU
		{9B3CC36C-5F7C-9A51-C16E-7C04F7E35D34}.Release|Any CPU.ActiveCfg = Release|Any CPU
		{9B3CC36C-5F7C-9A51-C16E-7C04F7E35D34}.Release|Any CPU.Build.0 = Release|Any CPU
		{37131BE7-025C-9F1B-03CD-A16290B4C546}.Debug|Any CPU.ActiveCfg = Debug|Any CPU
		{37131BE7-025C-9F1B-03CD-A16290B4C546}.Debug|Any CPU.Build.0 = Debug|Any CPU
		{37131BE7-025C-9F1B-03CD-A16290B4C546}.Release|Any CPU.ActiveCfg = Release|Any CPU
		{37131BE7-025C-9F1B-03CD-A16290B4C546}.Release|Any CPU.Build.0 = Release|Any CPU
		{DA96F956-C4B6-C7F9-B407-DBB588BF8A26}.Debug|Any CPU.ActiveCfg = Debug|Any CPU
		{DA96F956-C4B6-C7F9-B407-DBB588BF8A26}.Debug|Any CPU.Build.0 = Debug|Any CPU
		{DA96F956-C4B6-C7F9-B407-DBB588BF8A26}.Release|Any CPU.ActiveCfg = Release|Any CPU
		{DA96F956-C4B6-C7F9-B407-DBB588BF8A26}.Release|Any CPU.Build.0 = Release|Any CPU
		{F03C0A37-A9E7-1FB9-C58E-8BCE35A808EC}.Debug|Any CPU.ActiveCfg = Debug|Any CPU
		{F03C0A37-A9E7-1FB9-C58E-8BCE35A808EC}.Debug|Any CPU.Build.0 = Debug|Any CPU
		{F03C0A37-A9E7-1FB9-C58E-8BCE35A808EC}.Release|Any CPU.ActiveCfg = Release|Any CPU
		{F03C0A37-A9E7-1FB9-C58E-8BCE35A808EC}.Release|Any CPU.Build.0 = Release|Any CPU
		{F21C300F-212E-0F4A-EA80-6026E8604A3F}.Debug|Any CPU.ActiveCfg = Debug|Any CPU
		{F21C300F-212E-0F4A-EA80-6026E8604A3F}.Debug|Any CPU.Build.0 = Debug|Any CPU
		{F21C300F-212E-0F4A-EA80-6026E8604A3F}.Release|Any CPU.ActiveCfg = Release|Any CPU
		{F21C300F-212E-0F4A-EA80-6026E8604A3F}.Release|Any CPU.Build.0 = Release|Any CPU
		{DF5B3824-4AD1-519C-E47C-4DF6384C9EB0}.Debug|Any CPU.ActiveCfg = Debug|Any CPU
		{DF5B3824-4AD1-519C-E47C-4DF6384C9EB0}.Debug|Any CPU.Build.0 = Debug|Any CPU
		{DF5B3824-4AD1-519C-E47C-4DF6384C9EB0}.Release|Any CPU.ActiveCfg = Release|Any CPU
		{DF5B3824-4AD1-519C-E47C-4DF6384C9EB0}.Release|Any CPU.Build.0 = Release|Any CPU
		{E9D9C1E4-4894-4198-83FB-1599487F7E2C}.Debug|Any CPU.ActiveCfg = Debug|Any CPU
		{E9D9C1E4-4894-4198-83FB-1599487F7E2C}.Debug|Any CPU.Build.0 = Debug|Any CPU
		{E9D9C1E4-4894-4198-83FB-1599487F7E2C}.Release|Any CPU.ActiveCfg = Release|Any CPU
		{E9D9C1E4-4894-4198-83FB-1599487F7E2C}.Release|Any CPU.Build.0 = Release|Any CPU
		{99D09FB9-67D9-116C-4DC3-0A63A04EDCCB}.Debug|Any CPU.ActiveCfg = Debug|Any CPU
		{99D09FB9-67D9-116C-4DC3-0A63A04EDCCB}.Debug|Any CPU.Build.0 = Debug|Any CPU
		{99D09FB9-67D9-116C-4DC3-0A63A04EDCCB}.Release|Any CPU.ActiveCfg = Release|Any CPU
		{99D09FB9-67D9-116C-4DC3-0A63A04EDCCB}.Release|Any CPU.Build.0 = Release|Any CPU
		{1BDCD141-9537-59C9-A41E-73ED20325589}.Debug|Any CPU.ActiveCfg = Debug|Any CPU
		{1BDCD141-9537-59C9-A41E-73ED20325589}.Debug|Any CPU.Build.0 = Debug|Any CPU
		{1BDCD141-9537-59C9-A41E-73ED20325589}.Release|Any CPU.ActiveCfg = Release|Any CPU
		{1BDCD141-9537-59C9-A41E-73ED20325589}.Release|Any CPU.Build.0 = Release|Any CPU
		{E4195655-D3B6-BE7A-F549-94E0D97D7DA6}.Debug|Any CPU.ActiveCfg = Debug|Any CPU
		{E4195655-D3B6-BE7A-F549-94E0D97D7DA6}.Debug|Any CPU.Build.0 = Debug|Any CPU
		{E4195655-D3B6-BE7A-F549-94E0D97D7DA6}.Release|Any CPU.ActiveCfg = Release|Any CPU
		{E4195655-D3B6-BE7A-F549-94E0D97D7DA6}.Release|Any CPU.Build.0 = Release|Any CPU
		{DAC0D7EA-80A7-16E8-5942-C9804FE95395}.Debug|Any CPU.ActiveCfg = Debug|Any CPU
		{DAC0D7EA-80A7-16E8-5942-C9804FE95395}.Debug|Any CPU.Build.0 = Debug|Any CPU
		{DAC0D7EA-80A7-16E8-5942-C9804FE95395}.Release|Any CPU.ActiveCfg = Release|Any CPU
		{DAC0D7EA-80A7-16E8-5942-C9804FE95395}.Release|Any CPU.Build.0 = Release|Any CPU
		{936A4803-0533-43DD-F4BF-2BEB36EBD409}.Debug|Any CPU.ActiveCfg = Debug|Any CPU
		{936A4803-0533-43DD-F4BF-2BEB36EBD409}.Debug|Any CPU.Build.0 = Debug|Any CPU
		{936A4803-0533-43DD-F4BF-2BEB36EBD409}.Release|Any CPU.ActiveCfg = Release|Any CPU
		{936A4803-0533-43DD-F4BF-2BEB36EBD409}.Release|Any CPU.Build.0 = Release|Any CPU
		{B6FC89E9-308E-CA22-B8B2-A53B3850BF37}.Debug|Any CPU.ActiveCfg = Debug|Any CPU
		{B6FC89E9-308E-CA22-B8B2-A53B3850BF37}.Debug|Any CPU.Build.0 = Debug|Any CPU
		{B6FC89E9-308E-CA22-B8B2-A53B3850BF37}.Release|Any CPU.ActiveCfg = Release|Any CPU
		{B6FC89E9-308E-CA22-B8B2-A53B3850BF37}.Release|Any CPU.Build.0 = Release|Any CPU
		{E2687BC4-A864-61A4-0803-E45CCBB756F6}.Debug|Any CPU.ActiveCfg = Debug|Any CPU
		{E2687BC4-A864-61A4-0803-E45CCBB756F6}.Debug|Any CPU.Build.0 = Debug|Any CPU
		{E2687BC4-A864-61A4-0803-E45CCBB756F6}.Release|Any CPU.ActiveCfg = Release|Any CPU
		{E2687BC4-A864-61A4-0803-E45CCBB756F6}.Release|Any CPU.Build.0 = Release|Any CPU
		{AE21EBD6-855A-EF32-932E-682FF345FA93}.Debug|Any CPU.ActiveCfg = Debug|Any CPU
		{AE21EBD6-855A-EF32-932E-682FF345FA93}.Debug|Any CPU.Build.0 = Debug|Any CPU
		{AE21EBD6-855A-EF32-932E-682FF345FA93}.Release|Any CPU.ActiveCfg = Release|Any CPU
		{AE21EBD6-855A-EF32-932E-682FF345FA93}.Release|Any CPU.Build.0 = Release|Any CPU
		{4B176D82-E132-B376-94B1-F884CDF4A55D}.Debug|Any CPU.ActiveCfg = Debug|Any CPU
		{4B176D82-E132-B376-94B1-F884CDF4A55D}.Debug|Any CPU.Build.0 = Debug|Any CPU
		{4B176D82-E132-B376-94B1-F884CDF4A55D}.Release|Any CPU.ActiveCfg = Release|Any CPU
		{4B176D82-E132-B376-94B1-F884CDF4A55D}.Release|Any CPU.Build.0 = Release|Any CPU
		{B14B99CD-1B2A-DAF1-E17E-CD5A9DF3B55F}.Debug|Any CPU.ActiveCfg = Debug|Any CPU
		{B14B99CD-1B2A-DAF1-E17E-CD5A9DF3B55F}.Debug|Any CPU.Build.0 = Debug|Any CPU
		{B14B99CD-1B2A-DAF1-E17E-CD5A9DF3B55F}.Release|Any CPU.ActiveCfg = Release|Any CPU
		{B14B99CD-1B2A-DAF1-E17E-CD5A9DF3B55F}.Release|Any CPU.Build.0 = Release|Any CPU
		{C3E0A150-B169-D7A3-E5CB-8EEC9D7DC91C}.Debug|Any CPU.ActiveCfg = Debug|Any CPU
		{C3E0A150-B169-D7A3-E5CB-8EEC9D7DC91C}.Debug|Any CPU.Build.0 = Debug|Any CPU
		{C3E0A150-B169-D7A3-E5CB-8EEC9D7DC91C}.Release|Any CPU.ActiveCfg = Release|Any CPU
		{C3E0A150-B169-D7A3-E5CB-8EEC9D7DC91C}.Release|Any CPU.Build.0 = Release|Any CPU
		{8AF13FBB-11BF-C15A-4678-6C4AD324ED18}.Debug|Any CPU.ActiveCfg = Debug|Any CPU
		{8AF13FBB-11BF-C15A-4678-6C4AD324ED18}.Debug|Any CPU.Build.0 = Debug|Any CPU
		{8AF13FBB-11BF-C15A-4678-6C4AD324ED18}.Release|Any CPU.ActiveCfg = Release|Any CPU
		{8AF13FBB-11BF-C15A-4678-6C4AD324ED18}.Release|Any CPU.Build.0 = Release|Any CPU
		{9FC31312-A797-8881-D4BD-692F10C142AE}.Debug|Any CPU.ActiveCfg = Debug|Any CPU
		{9FC31312-A797-8881-D4BD-692F10C142AE}.Debug|Any CPU.Build.0 = Debug|Any CPU
		{9FC31312-A797-8881-D4BD-692F10C142AE}.Release|Any CPU.ActiveCfg = Release|Any CPU
		{9FC31312-A797-8881-D4BD-692F10C142AE}.Release|Any CPU.Build.0 = Release|Any CPU
		{3BE6B753-1765-BD56-C9B1-4790B8AD0235}.Debug|Any CPU.ActiveCfg = Debug|Any CPU
		{3BE6B753-1765-BD56-C9B1-4790B8AD0235}.Debug|Any CPU.Build.0 = Debug|Any CPU
		{3BE6B753-1765-BD56-C9B1-4790B8AD0235}.Release|Any CPU.ActiveCfg = Release|Any CPU
		{3BE6B753-1765-BD56-C9B1-4790B8AD0235}.Release|Any CPU.Build.0 = Release|Any CPU
		{04E635FA-CB00-B5A2-DCD4-58066B2C056F}.Debug|Any CPU.ActiveCfg = Debug|Any CPU
		{04E635FA-CB00-B5A2-DCD4-58066B2C056F}.Debug|Any CPU.Build.0 = Debug|Any CPU
		{04E635FA-CB00-B5A2-DCD4-58066B2C056F}.Release|Any CPU.ActiveCfg = Release|Any CPU
		{04E635FA-CB00-B5A2-DCD4-58066B2C056F}.Release|Any CPU.Build.0 = Release|Any CPU
		{4EE0B324-E53D-263C-33AF-62B61AC91A17}.Debug|Any CPU.ActiveCfg = Debug|Any CPU
		{4EE0B324-E53D-263C-33AF-62B61AC91A17}.Debug|Any CPU.Build.0 = Debug|Any CPU
		{4EE0B324-E53D-263C-33AF-62B61AC91A17}.Release|Any CPU.ActiveCfg = Release|Any CPU
		{4EE0B324-E53D-263C-33AF-62B61AC91A17}.Release|Any CPU.Build.0 = Release|Any CPU
		{472394D5-ABCF-E3A7-C3BA-2B93C85BEE0B}.Debug|Any CPU.ActiveCfg = Debug|Any CPU
		{472394D5-ABCF-E3A7-C3BA-2B93C85BEE0B}.Debug|Any CPU.Build.0 = Debug|Any CPU
		{472394D5-ABCF-E3A7-C3BA-2B93C85BEE0B}.Release|Any CPU.ActiveCfg = Release|Any CPU
		{472394D5-ABCF-E3A7-C3BA-2B93C85BEE0B}.Release|Any CPU.Build.0 = Release|Any CPU
		{75A7FDFA-5A4F-F09F-B32A-AF19BEA35B9F}.Debug|Any CPU.ActiveCfg = Debug|Any CPU
		{75A7FDFA-5A4F-F09F-B32A-AF19BEA35B9F}.Debug|Any CPU.Build.0 = Debug|Any CPU
		{75A7FDFA-5A4F-F09F-B32A-AF19BEA35B9F}.Release|Any CPU.ActiveCfg = Release|Any CPU
		{75A7FDFA-5A4F-F09F-B32A-AF19BEA35B9F}.Release|Any CPU.Build.0 = Release|Any CPU
		{6D0E7791-DC8C-6B86-A28C-91391CC01CD4}.Debug|Any CPU.ActiveCfg = Debug|Any CPU
		{6D0E7791-DC8C-6B86-A28C-91391CC01CD4}.Debug|Any CPU.Build.0 = Debug|Any CPU
		{6D0E7791-DC8C-6B86-A28C-91391CC01CD4}.Release|Any CPU.ActiveCfg = Release|Any CPU
		{6D0E7791-DC8C-6B86-A28C-91391CC01CD4}.Release|Any CPU.Build.0 = Release|Any CPU
		{81CD30DF-7397-9716-699C-6F81D3213DD5}.Debug|Any CPU.ActiveCfg = Debug|Any CPU
		{81CD30DF-7397-9716-699C-6F81D3213DD5}.Debug|Any CPU.Build.0 = Debug|Any CPU
		{81CD30DF-7397-9716-699C-6F81D3213DD5}.Release|Any CPU.ActiveCfg = Release|Any CPU
		{81CD30DF-7397-9716-699C-6F81D3213DD5}.Release|Any CPU.Build.0 = Release|Any CPU
		{E9142FD8-4F5C-7B5A-A5A4-EE6642CF3495}.Debug|Any CPU.ActiveCfg = Debug|Any CPU
		{E9142FD8-4F5C-7B5A-A5A4-EE6642CF3495}.Debug|Any CPU.Build.0 = Debug|Any CPU
		{E9142FD8-4F5C-7B5A-A5A4-EE6642CF3495}.Release|Any CPU.ActiveCfg = Release|Any CPU
		{E9142FD8-4F5C-7B5A-A5A4-EE6642CF3495}.Release|Any CPU.Build.0 = Release|Any CPU
		{ACAD0267-BAD4-7AE9-951F-B28B9D64A4A4}.Debug|Any CPU.ActiveCfg = Debug|Any CPU
		{ACAD0267-BAD4-7AE9-951F-B28B9D64A4A4}.Debug|Any CPU.Build.0 = Debug|Any CPU
		{ACAD0267-BAD4-7AE9-951F-B28B9D64A4A4}.Release|Any CPU.ActiveCfg = Release|Any CPU
		{ACAD0267-BAD4-7AE9-951F-B28B9D64A4A4}.Release|Any CPU.Build.0 = Release|Any CPU
		{2C8FE1E4-462C-7CEC-F5D0-C7D9D64F2A56}.Debug|Any CPU.ActiveCfg = Debug|Any CPU
		{2C8FE1E4-462C-7CEC-F5D0-C7D9D64F2A56}.Debug|Any CPU.Build.0 = Debug|Any CPU
		{2C8FE1E4-462C-7CEC-F5D0-C7D9D64F2A56}.Release|Any CPU.ActiveCfg = Release|Any CPU
		{2C8FE1E4-462C-7CEC-F5D0-C7D9D64F2A56}.Release|Any CPU.Build.0 = Release|Any CPU
		{81497AC6-49FE-0126-20D7-303222C7FEE5}.Debug|Any CPU.ActiveCfg = Debug|Any CPU
		{81497AC6-49FE-0126-20D7-303222C7FEE5}.Debug|Any CPU.Build.0 = Debug|Any CPU
		{81497AC6-49FE-0126-20D7-303222C7FEE5}.Release|Any CPU.ActiveCfg = Release|Any CPU
		{81497AC6-49FE-0126-20D7-303222C7FEE5}.Release|Any CPU.Build.0 = Release|Any CPU
		{75348767-98B1-E1D8-03D2-8A97D109D695}.Debug|Any CPU.ActiveCfg = Debug|Any CPU
		{75348767-98B1-E1D8-03D2-8A97D109D695}.Debug|Any CPU.Build.0 = Debug|Any CPU
		{75348767-98B1-E1D8-03D2-8A97D109D695}.Release|Any CPU.ActiveCfg = Release|Any CPU
		{75348767-98B1-E1D8-03D2-8A97D109D695}.Release|Any CPU.Build.0 = Release|Any CPU
		{A8A4D199-9830-A9AC-DE74-671B64096855}.Debug|Any CPU.ActiveCfg = Debug|Any CPU
		{A8A4D199-9830-A9AC-DE74-671B64096855}.Debug|Any CPU.Build.0 = Debug|Any CPU
		{A8A4D199-9830-A9AC-DE74-671B64096855}.Release|Any CPU.ActiveCfg = Release|Any CPU
		{A8A4D199-9830-A9AC-DE74-671B64096855}.Release|Any CPU.Build.0 = Release|Any CPU
		{A2B81F5E-7596-E016-AB47-827F9D86967D}.Debug|Any CPU.ActiveCfg = Debug|Any CPU
		{A2B81F5E-7596-E016-AB47-827F9D86967D}.Debug|Any CPU.Build.0 = Debug|Any CPU
		{A2B81F5E-7596-E016-AB47-827F9D86967D}.Release|Any CPU.ActiveCfg = Release|Any CPU
		{A2B81F5E-7596-E016-AB47-827F9D86967D}.Release|Any CPU.Build.0 = Release|Any CPU
		{7C06D7AF-704C-D4D2-1042-C6D7E7D97E5F}.Debug|Any CPU.ActiveCfg = Debug|Any CPU
		{7C06D7AF-704C-D4D2-1042-C6D7E7D97E5F}.Debug|Any CPU.Build.0 = Debug|Any CPU
		{7C06D7AF-704C-D4D2-1042-C6D7E7D97E5F}.Release|Any CPU.ActiveCfg = Release|Any CPU
		{7C06D7AF-704C-D4D2-1042-C6D7E7D97E5F}.Release|Any CPU.Build.0 = Release|Any CPU
		{2D8725BF-CB9A-03A6-39AC-3A2A035D592E}.Debug|Any CPU.ActiveCfg = Debug|Any CPU
		{2D8725BF-CB9A-03A6-39AC-3A2A035D592E}.Debug|Any CPU.Build.0 = Debug|Any CPU
		{2D8725BF-CB9A-03A6-39AC-3A2A035D592E}.Release|Any CPU.ActiveCfg = Release|Any CPU
		{2D8725BF-CB9A-03A6-39AC-3A2A035D592E}.Release|Any CPU.Build.0 = Release|Any CPU
		{8C3DF5D4-7082-B73D-4972-5249A20090B1}.Debug|Any CPU.ActiveCfg = Debug|Any CPU
		{8C3DF5D4-7082-B73D-4972-5249A20090B1}.Debug|Any CPU.Build.0 = Debug|Any CPU
		{8C3DF5D4-7082-B73D-4972-5249A20090B1}.Release|Any CPU.ActiveCfg = Release|Any CPU
		{8C3DF5D4-7082-B73D-4972-5249A20090B1}.Release|Any CPU.Build.0 = Release|Any CPU
		{576F5EE1-2DD0-4368-3D3C-22187F96CC7B}.Debug|Any CPU.ActiveCfg = Debug|Any CPU
		{576F5EE1-2DD0-4368-3D3C-22187F96CC7B}.Debug|Any CPU.Build.0 = Debug|Any CPU
		{576F5EE1-2DD0-4368-3D3C-22187F96CC7B}.Release|Any CPU.ActiveCfg = Release|Any CPU
		{576F5EE1-2DD0-4368-3D3C-22187F96CC7B}.Release|Any CPU.Build.0 = Release|Any CPU
		{5952D0B0-CA22-DFED-8F59-E2C75B2D38AB}.Debug|Any CPU.ActiveCfg = Debug|Any CPU
		{5952D0B0-CA22-DFED-8F59-E2C75B2D38AB}.Debug|Any CPU.Build.0 = Debug|Any CPU
		{5952D0B0-CA22-DFED-8F59-E2C75B2D38AB}.Release|Any CPU.ActiveCfg = Release|Any CPU
		{5952D0B0-CA22-DFED-8F59-E2C75B2D38AB}.Release|Any CPU.Build.0 = Release|Any CPU
		{8436FAFA-7196-13B7-6AE4-B8D3C49AC3F5}.Debug|Any CPU.ActiveCfg = Debug|Any CPU
		{8436FAFA-7196-13B7-6AE4-B8D3C49AC3F5}.Debug|Any CPU.Build.0 = Debug|Any CPU
		{8436FAFA-7196-13B7-6AE4-B8D3C49AC3F5}.Release|Any CPU.ActiveCfg = Release|Any CPU
		{8436FAFA-7196-13B7-6AE4-B8D3C49AC3F5}.Release|Any CPU.Build.0 = Release|Any CPU
		{14304ACB-ABAC-F0F0-2B47-D8615A7BBFCE}.Debug|Any CPU.ActiveCfg = Debug|Any CPU
		{14304ACB-ABAC-F0F0-2B47-D8615A7BBFCE}.Debug|Any CPU.Build.0 = Debug|Any CPU
		{14304ACB-ABAC-F0F0-2B47-D8615A7BBFCE}.Release|Any CPU.ActiveCfg = Release|Any CPU
		{14304ACB-ABAC-F0F0-2B47-D8615A7BBFCE}.Release|Any CPU.Build.0 = Release|Any CPU
		{FC2ED720-A21D-CA75-F8F8-8D846ED7E508}.Debug|Any CPU.ActiveCfg = Debug|Any CPU
		{FC2ED720-A21D-CA75-F8F8-8D846ED7E508}.Debug|Any CPU.Build.0 = Debug|Any CPU
		{FC2ED720-A21D-CA75-F8F8-8D846ED7E508}.Release|Any CPU.ActiveCfg = Release|Any CPU
		{FC2ED720-A21D-CA75-F8F8-8D846ED7E508}.Release|Any CPU.Build.0 = Release|Any CPU
		{18DEBB6D-ACB0-760E-4BF7-CEB20752BA76}.Debug|Any CPU.ActiveCfg = Debug|Any CPU
		{18DEBB6D-ACB0-760E-4BF7-CEB20752BA76}.Debug|Any CPU.Build.0 = Debug|Any CPU
		{18DEBB6D-ACB0-760E-4BF7-CEB20752BA76}.Release|Any CPU.ActiveCfg = Release|Any CPU
		{18DEBB6D-ACB0-760E-4BF7-CEB20752BA76}.Release|Any CPU.Build.0 = Release|Any CPU
		{BFD9E882-00B7-3AA3-142E-608D4B76EFD8}.Debug|Any CPU.ActiveCfg = Debug|Any CPU
		{BFD9E882-00B7-3AA3-142E-608D4B76EFD8}.Debug|Any CPU.Build.0 = Debug|Any CPU
		{BFD9E882-00B7-3AA3-142E-608D4B76EFD8}.Release|Any CPU.ActiveCfg = Release|Any CPU
		{BFD9E882-00B7-3AA3-142E-608D4B76EFD8}.Release|Any CPU.Build.0 = Release|Any CPU
		{FED6F8F2-4350-2411-1181-DCFB5AEF8127}.Debug|Any CPU.ActiveCfg = Debug|Any CPU
		{FED6F8F2-4350-2411-1181-DCFB5AEF8127}.Debug|Any CPU.Build.0 = Debug|Any CPU
		{FED6F8F2-4350-2411-1181-DCFB5AEF8127}.Release|Any CPU.ActiveCfg = Release|Any CPU
		{FED6F8F2-4350-2411-1181-DCFB5AEF8127}.Release|Any CPU.Build.0 = Release|Any CPU
		{646D6AEB-2E4E-6599-6F6B-488473DE8B13}.Debug|Any CPU.ActiveCfg = Debug|Any CPU
		{646D6AEB-2E4E-6599-6F6B-488473DE8B13}.Debug|Any CPU.Build.0 = Debug|Any CPU
		{646D6AEB-2E4E-6599-6F6B-488473DE8B13}.Release|Any CPU.ActiveCfg = Release|Any CPU
		{646D6AEB-2E4E-6599-6F6B-488473DE8B13}.Release|Any CPU.Build.0 = Release|Any CPU
		{F31DD41D-BCC1-E7E4-F0AC-0728254A9CEC}.Debug|Any CPU.ActiveCfg = Debug|Any CPU
		{F31DD41D-BCC1-E7E4-F0AC-0728254A9CEC}.Debug|Any CPU.Build.0 = Debug|Any CPU
		{F31DD41D-BCC1-E7E4-F0AC-0728254A9CEC}.Release|Any CPU.ActiveCfg = Release|Any CPU
		{F31DD41D-BCC1-E7E4-F0AC-0728254A9CEC}.Release|Any CPU.Build.0 = Release|Any CPU
		{489AF8BC-E902-9206-49AB-41A4C422A17E}.Debug|Any CPU.ActiveCfg = Debug|Any CPU
		{489AF8BC-E902-9206-49AB-41A4C422A17E}.Debug|Any CPU.Build.0 = Debug|Any CPU
		{489AF8BC-E902-9206-49AB-41A4C422A17E}.Release|Any CPU.ActiveCfg = Release|Any CPU
		{489AF8BC-E902-9206-49AB-41A4C422A17E}.Release|Any CPU.Build.0 = Release|Any CPU
		{E5A21AA3-9977-196E-892A-5C24EA3FB4D7}.Debug|Any CPU.ActiveCfg = Debug|Any CPU
		{E5A21AA3-9977-196E-892A-5C24EA3FB4D7}.Debug|Any CPU.Build.0 = Debug|Any CPU
		{E5A21AA3-9977-196E-892A-5C24EA3FB4D7}.Release|Any CPU.ActiveCfg = Release|Any CPU
		{E5A21AA3-9977-196E-892A-5C24EA3FB4D7}.Release|Any CPU.Build.0 = Release|Any CPU
		{E5865A11-95F2-3904-EBD6-6CB0F5352CDF}.Debug|Any CPU.ActiveCfg = Debug|Any CPU
		{E5865A11-95F2-3904-EBD6-6CB0F5352CDF}.Debug|Any CPU.Build.0 = Debug|Any CPU
		{E5865A11-95F2-3904-EBD6-6CB0F5352CDF}.Release|Any CPU.ActiveCfg = Release|Any CPU
		{E5865A11-95F2-3904-EBD6-6CB0F5352CDF}.Release|Any CPU.Build.0 = Release|Any CPU
		{3186BFBA-B204-5238-02FB-F031DADA1EC8}.Debug|Any CPU.ActiveCfg = Debug|Any CPU
		{3186BFBA-B204-5238-02FB-F031DADA1EC8}.Debug|Any CPU.Build.0 = Debug|Any CPU
		{3186BFBA-B204-5238-02FB-F031DADA1EC8}.Release|Any CPU.ActiveCfg = Release|Any CPU
		{3186BFBA-B204-5238-02FB-F031DADA1EC8}.Release|Any CPU.Build.0 = Release|Any CPU
		{E4DDB434-F885-B46D-C7B3-0867D2F959FD}.Debug|Any CPU.ActiveCfg = Debug|Any CPU
		{E4DDB434-F885-B46D-C7B3-0867D2F959FD}.Debug|Any CPU.Build.0 = Debug|Any CPU
		{E4DDB434-F885-B46D-C7B3-0867D2F959FD}.Release|Any CPU.ActiveCfg = Release|Any CPU
		{E4DDB434-F885-B46D-C7B3-0867D2F959FD}.Release|Any CPU.Build.0 = Release|Any CPU
		{447B35BC-BE9A-C3AE-58B9-BA26BF42D834}.Debug|Any CPU.ActiveCfg = Debug|Any CPU
		{447B35BC-BE9A-C3AE-58B9-BA26BF42D834}.Debug|Any CPU.Build.0 = Debug|Any CPU
		{447B35BC-BE9A-C3AE-58B9-BA26BF42D834}.Release|Any CPU.ActiveCfg = Release|Any CPU
		{447B35BC-BE9A-C3AE-58B9-BA26BF42D834}.Release|Any CPU.Build.0 = Release|Any CPU
		{2AAE4CDE-B224-60C1-50FE-21CF6F32FF8E}.Debug|Any CPU.ActiveCfg = Debug|Any CPU
		{2AAE4CDE-B224-60C1-50FE-21CF6F32FF8E}.Debug|Any CPU.Build.0 = Debug|Any CPU
		{2AAE4CDE-B224-60C1-50FE-21CF6F32FF8E}.Release|Any CPU.ActiveCfg = Release|Any CPU
		{2AAE4CDE-B224-60C1-50FE-21CF6F32FF8E}.Release|Any CPU.Build.0 = Release|Any CPU
		{A541D5D9-22FF-D3B6-31C0-269993331755}.Debug|Any CPU.ActiveCfg = Debug|Any CPU
		{A541D5D9-22FF-D3B6-31C0-269993331755}.Debug|Any CPU.Build.0 = Debug|Any CPU
		{A541D5D9-22FF-D3B6-31C0-269993331755}.Release|Any CPU.ActiveCfg = Release|Any CPU
		{A541D5D9-22FF-D3B6-31C0-269993331755}.Release|Any CPU.Build.0 = Release|Any CPU
		{6EBEA6F0-0A48-5990-E494-8CF738F38A09}.Debug|Any CPU.ActiveCfg = Debug|Any CPU
		{6EBEA6F0-0A48-5990-E494-8CF738F38A09}.Debug|Any CPU.Build.0 = Debug|Any CPU
		{6EBEA6F0-0A48-5990-E494-8CF738F38A09}.Release|Any CPU.ActiveCfg = Release|Any CPU
		{6EBEA6F0-0A48-5990-E494-8CF738F38A09}.Release|Any CPU.Build.0 = Release|Any CPU
	EndGlobalSection
	GlobalSection(SolutionProperties) = preSolution
		HideSolutionNode = FALSE
	EndGlobalSection
EndGlobal
